// !$*UTF8*$!
{
	archiveVersion = 1;
	classes = {
	};
	objectVersion = 56;
	objects = {

/* Begin PBXBuildFile section */
		2E0AEBC02BACAB9F00452744 /* SingInViewModel.swift in Sources */ = {isa = PBXBuildFile; fileRef = 2E0AEBBF2BACAB9F00452744 /* SingInViewModel.swift */; };
		2E0AEBC22BACABAA00452744 /* SignInView.swift in Sources */ = {isa = PBXBuildFile; fileRef = 2E0AEBC12BACABAA00452744 /* SignInView.swift */; };
		2E0AEBC52BACC13000452744 /* SignUpView.swift in Sources */ = {isa = PBXBuildFile; fileRef = 2E0AEBC42BACC13000452744 /* SignUpView.swift */; };
		2E0AEBC72BACC13F00452744 /* SignUpViewModel.swift in Sources */ = {isa = PBXBuildFile; fileRef = 2E0AEBC62BACC13F00452744 /* SignUpViewModel.swift */; };
		2E32807A2BC834F000670DF8 /* WorkspaceListRow.swift in Sources */ = {isa = PBXBuildFile; fileRef = 2E3280792BC834F000670DF8 /* WorkspaceListRow.swift */; };
		2E32807D2BC83A5700670DF8 /* OperationButton.swift in Sources */ = {isa = PBXBuildFile; fileRef = 2E32807C2BC83A5700670DF8 /* OperationButton.swift */; };
		2E46547C2BD171E200BF2944 /* DateSwiper.swift in Sources */ = {isa = PBXBuildFile; fileRef = 2E46547B2BD171E200BF2944 /* DateSwiper.swift */; };
		2E46547F2BD1735E00BF2944 /* DateItem.swift in Sources */ = {isa = PBXBuildFile; fileRef = 2E46547E2BD1735E00BF2944 /* DateItem.swift */; };
		2E4654862BD1B9E200BF2944 /* WorkspaceListViewModel.swift in Sources */ = {isa = PBXBuildFile; fileRef = 2E4654852BD1B9E200BF2944 /* WorkspaceListViewModel.swift */; };
		2E46548B2BD2548400BF2944 /* TimelineView.swift in Sources */ = {isa = PBXBuildFile; fileRef = 2E46548A2BD2548400BF2944 /* TimelineView.swift */; };
		2E46548D2BD2A61A00BF2944 /* Group.swift in Sources */ = {isa = PBXBuildFile; fileRef = 2E46548C2BD2A61A00BF2944 /* Group.swift */; };
		2E4654912BD2A74000BF2944 /* GroupService.swift in Sources */ = {isa = PBXBuildFile; fileRef = 2E4654902BD2A74000BF2944 /* GroupService.swift */; };
		6356679C2BA2D5FC00A0AD36 /* workspace_hubApp.swift in Sources */ = {isa = PBXBuildFile; fileRef = 6356679B2BA2D5FC00A0AD36 /* workspace_hubApp.swift */; };
		635667A02BA2D5FD00A0AD36 /* Assets.xcassets in Resources */ = {isa = PBXBuildFile; fileRef = 6356679F2BA2D5FD00A0AD36 /* Assets.xcassets */; };
		635667A32BA2D5FD00A0AD36 /* Preview Assets.xcassets in Resources */ = {isa = PBXBuildFile; fileRef = 635667A22BA2D5FD00A0AD36 /* Preview Assets.xcassets */; };
		635667A82BA2D5FD00A0AD36 /* workspace_hub.xcdatamodeld in Sources */ = {isa = PBXBuildFile; fileRef = 635667A62BA2D5FD00A0AD36 /* workspace_hub.xcdatamodeld */; };
		635667B22BA2D5FD00A0AD36 /* workspace_hubTests.swift in Sources */ = {isa = PBXBuildFile; fileRef = 635667B12BA2D5FD00A0AD36 /* workspace_hubTests.swift */; };
		635667BC2BA2D5FD00A0AD36 /* workspace_hubUITests.swift in Sources */ = {isa = PBXBuildFile; fileRef = 635667BB2BA2D5FD00A0AD36 /* workspace_hubUITests.swift */; };
		635667BE2BA2D5FD00A0AD36 /* workspace_hubUITestsLaunchTests.swift in Sources */ = {isa = PBXBuildFile; fileRef = 635667BD2BA2D5FD00A0AD36 /* workspace_hubUITestsLaunchTests.swift */; };
		638D30DB2BA8B84F00105C6E /* RootViewModel.swift in Sources */ = {isa = PBXBuildFile; fileRef = 638D30DA2BA8B84F00105C6E /* RootViewModel.swift */; };
		638D30E02BA8B8DC00105C6E /* SplashView.swift in Sources */ = {isa = PBXBuildFile; fileRef = 638D30DF2BA8B8DC00105C6E /* SplashView.swift */; };
		638D939F2BD237F5006B0B3A /* ValidatedWrapper.swift in Sources */ = {isa = PBXBuildFile; fileRef = 638D939E2BD237F5006B0B3A /* ValidatedWrapper.swift */; };
		638D93A22BD40B5F006B0B3A /* FormField.swift in Sources */ = {isa = PBXBuildFile; fileRef = 638D93A12BD40B5F006B0B3A /* FormField.swift */; };
		638D93A52BD4160B006B0B3A /* WorkspaceAdditionView.swift in Sources */ = {isa = PBXBuildFile; fileRef = 638D93A42BD4160B006B0B3A /* WorkspaceAdditionView.swift */; };
		638D93A72BD41AFE006B0B3A /* WorkspaceAdditionViewModel.swift in Sources */ = {isa = PBXBuildFile; fileRef = 638D93A62BD41AFE006B0B3A /* WorkspaceAdditionViewModel.swift */; };
		638D93AD2BD50DC5006B0B3A /* WorkspaceGroupAdditionView.swift in Sources */ = {isa = PBXBuildFile; fileRef = 638D93AC2BD50DC5006B0B3A /* WorkspaceGroupAdditionView.swift */; };
		638D93AF2BD50DD3006B0B3A /* WorkspaceGroupAdditionViewModel.swift in Sources */ = {isa = PBXBuildFile; fileRef = 638D93AE2BD50DD3006B0B3A /* WorkspaceGroupAdditionViewModel.swift */; };
		638DBEF32BDAD080003A1795 /* BaseButton.swift in Sources */ = {isa = PBXBuildFile; fileRef = 638DBEF22BDAD080003A1795 /* BaseButton.swift */; };
		638DBEF82BDAD5F7003A1795 /* ViewExtensions.swift in Sources */ = {isa = PBXBuildFile; fileRef = 638DBEF72BDAD5F7003A1795 /* ViewExtensions.swift */; };
		638DBF052BDB7F4D003A1795 /* SFSymbolsPicker in Frameworks */ = {isa = PBXBuildFile; productRef = 638DBF042BDB7F4D003A1795 /* SFSymbolsPicker */; };
		638DBF082BDB8191003A1795 /* ThemeColorPicker.swift in Sources */ = {isa = PBXBuildFile; fileRef = 638DBF072BDB8191003A1795 /* ThemeColorPicker.swift */; };
		638DBF0A2BDB895E003A1795 /* UIColorExtensions.swift in Sources */ = {isa = PBXBuildFile; fileRef = 638DBF092BDB895E003A1795 /* UIColorExtensions.swift */; };
		638DBF0C2BDB8DCC003A1795 /* HexColorsUtil.swift in Sources */ = {isa = PBXBuildFile; fileRef = 638DBF0B2BDB8DCC003A1795 /* HexColorsUtil.swift */; };
		638DBF0F2BDBA013003A1795 /* WorkspaceDetailView.swift in Sources */ = {isa = PBXBuildFile; fileRef = 638DBF0E2BDBA013003A1795 /* WorkspaceDetailView.swift */; };
		638DBF112BDBA510003A1795 /* WorkspaceDetailViewModel.swift in Sources */ = {isa = PBXBuildFile; fileRef = 638DBF102BDBA510003A1795 /* WorkspaceDetailViewModel.swift */; };
		638DBF162BDBA716003A1795 /* WorkspaceDetailCard.swift in Sources */ = {isa = PBXBuildFile; fileRef = 638DBF152BDBA716003A1795 /* WorkspaceDetailCard.swift */; };
		638DBF192BDBD47B003A1795 /* WorkspaceEditView.swift in Sources */ = {isa = PBXBuildFile; fileRef = 638DBF182BDBD47B003A1795 /* WorkspaceEditView.swift */; };
		638DBF1B2BDBD487003A1795 /* WorkspaceEditViewModel.swift in Sources */ = {isa = PBXBuildFile; fileRef = 638DBF1A2BDBD487003A1795 /* WorkspaceEditViewModel.swift */; };
		638DBF1E2BDBFE06003A1795 /* SettingListRow.swift in Sources */ = {isa = PBXBuildFile; fileRef = 638DBF1D2BDBFE06003A1795 /* SettingListRow.swift */; };
		638DBF212BDC00F1003A1795 /* SettingAccountCard.swift in Sources */ = {isa = PBXBuildFile; fileRef = 638DBF202BDC00F1003A1795 /* SettingAccountCard.swift */; };
		638DBF242BDD6B17003A1795 /* SettingAccountEditView.swift in Sources */ = {isa = PBXBuildFile; fileRef = 638DBF232BDD6B17003A1795 /* SettingAccountEditView.swift */; };
		638DBF262BDD6B3B003A1795 /* SettingAccountEditViewModel.swift in Sources */ = {isa = PBXBuildFile; fileRef = 638DBF252BDD6B3B003A1795 /* SettingAccountEditViewModel.swift */; };
		638DBF282BDE39A2003A1795 /* ImageUtil.swift in Sources */ = {isa = PBXBuildFile; fileRef = 638DBF272BDE39A2003A1795 /* ImageUtil.swift */; };
		638DBF2B2BDE59D7003A1795 /* LoadingDots.swift in Sources */ = {isa = PBXBuildFile; fileRef = 638DBF2A2BDE59D7003A1795 /* LoadingDots.swift */; };
		638DBF2D2BDE5C4E003A1795 /* ThemeColorUtil.swift in Sources */ = {isa = PBXBuildFile; fileRef = 638DBF2C2BDE5C4E003A1795 /* ThemeColorUtil.swift */; };
		638F23EA2BACD92100704CE0 /* AuthService.swift in Sources */ = {isa = PBXBuildFile; fileRef = 638F23E92BACD92100704CE0 /* AuthService.swift */; };
		638F23ED2BACDA1100704CE0 /* ProtectedInput.swift in Sources */ = {isa = PBXBuildFile; fileRef = 638F23EC2BACDA1100704CE0 /* ProtectedInput.swift */; };
		638F24052BAD7A0D00704CE0 /* BackArrow.swift in Sources */ = {isa = PBXBuildFile; fileRef = 638F24042BAD7A0D00704CE0 /* BackArrow.swift */; };
		638F240A2BAD82CC00704CE0 /* Inter-Bold.ttf in Resources */ = {isa = PBXBuildFile; fileRef = 638F24092BAD82CC00704CE0 /* Inter-Bold.ttf */; };
		6392F97A2BE4040F009F70B2 /* WorkspaceGroupListRow.swift in Sources */ = {isa = PBXBuildFile; fileRef = 6392F9792BE4040F009F70B2 /* WorkspaceGroupListRow.swift */; };
		6392F9812BE4069A009F70B2 /* GroupDetailView.swift in Sources */ = {isa = PBXBuildFile; fileRef = 6392F9802BE4069A009F70B2 /* GroupDetailView.swift */; };
		6392F9842BE409C9009F70B2 /* EmptyListMessage.swift in Sources */ = {isa = PBXBuildFile; fileRef = 6392F9832BE409C9009F70B2 /* EmptyListMessage.swift */; };
		6392F9862BE40DCB009F70B2 /* GroupDetailViewModel.swift in Sources */ = {isa = PBXBuildFile; fileRef = 6392F9852BE40DCB009F70B2 /* GroupDetailViewModel.swift */; };
		6392F9892BE41AE6009F70B2 /* GroupSettingListView.swift in Sources */ = {isa = PBXBuildFile; fileRef = 6392F9882BE41AE6009F70B2 /* GroupSettingListView.swift */; };
		6392F98E2BE41F49009F70B2 /* GroupParticipantListView.swift in Sources */ = {isa = PBXBuildFile; fileRef = 6392F98D2BE41F49009F70B2 /* GroupParticipantListView.swift */; };
		6392F9902BE41F5F009F70B2 /* GroupParticipantListViewModel.swift in Sources */ = {isa = PBXBuildFile; fileRef = 6392F98F2BE41F5F009F70B2 /* GroupParticipantListViewModel.swift */; };
		6392F9922BE4227B009F70B2 /* Message.swift in Sources */ = {isa = PBXBuildFile; fileRef = 6392F9912BE4227B009F70B2 /* Message.swift */; };
		6392F9952BE424C2009F70B2 /* ChatLayout.swift in Sources */ = {isa = PBXBuildFile; fileRef = 6392F9942BE424C2009F70B2 /* ChatLayout.swift */; };
		6392F9972BE42E58009F70B2 /* MessageService.swift in Sources */ = {isa = PBXBuildFile; fileRef = 6392F9962BE42E58009F70B2 /* MessageService.swift */; };
		6392F9992BE4374E009F70B2 /* ChatItem.swift in Sources */ = {isa = PBXBuildFile; fileRef = 6392F9982BE4374E009F70B2 /* ChatItem.swift */; };
		6399C55F2BE4D3B700EB068D /* ChatMessage.swift in Sources */ = {isa = PBXBuildFile; fileRef = 6399C55E2BE4D3B700EB068D /* ChatMessage.swift */; };
		6399C5612BE4DCA900EB068D /* ChatUtil.swift in Sources */ = {isa = PBXBuildFile; fileRef = 6399C5602BE4DCA900EB068D /* ChatUtil.swift */; };
		6399C5632BE50CE700EB068D /* ChatItemGroup.swift in Sources */ = {isa = PBXBuildFile; fileRef = 6399C5622BE50CE700EB068D /* ChatItemGroup.swift */; };
		6399C5662BE51D7600EB068D /* VerticalSpacer.swift in Sources */ = {isa = PBXBuildFile; fileRef = 6399C5652BE51D7600EB068D /* VerticalSpacer.swift */; };
		639DBBF22BCFC7EB003D24FB /* RouterProtocol.swift in Sources */ = {isa = PBXBuildFile; fileRef = 639DBBF12BCFC7EB003D24FB /* RouterProtocol.swift */; };
		639DBBF42BCFC7FD003D24FB /* BaseRouter.swift in Sources */ = {isa = PBXBuildFile; fileRef = 639DBBF32BCFC7FD003D24FB /* BaseRouter.swift */; };
		639DBBF72BCFC81C003D24FB /* MainRouter.swift in Sources */ = {isa = PBXBuildFile; fileRef = 639DBBF62BCFC81C003D24FB /* MainRouter.swift */; };
		639DBBFC2BCFD246003D24FB /* WorkspaceListView.swift in Sources */ = {isa = PBXBuildFile; fileRef = 639DBBFB2BCFD246003D24FB /* WorkspaceListView.swift */; };
		639DBC032BCFE4ED003D24FB /* WorkspaceRootView.swift in Sources */ = {isa = PBXBuildFile; fileRef = 639DBC022BCFE4ED003D24FB /* WorkspaceRootView.swift */; };
		639DBC052BCFE538003D24FB /* BaseTabCoordinator.swift in Sources */ = {isa = PBXBuildFile; fileRef = 639DBC042BCFE538003D24FB /* BaseTabCoordinator.swift */; };
		639DBC082BCFE5C4003D24FB /* TabCoordinatorProtocol.swift in Sources */ = {isa = PBXBuildFile; fileRef = 639DBC072BCFE5C4003D24FB /* TabCoordinatorProtocol.swift */; };
		639DBC0B2BCFE66F003D24FB /* TabSectionFactory.swift in Sources */ = {isa = PBXBuildFile; fileRef = 639DBC0A2BCFE66F003D24FB /* TabSectionFactory.swift */; };
		639DBC0D2BCFE71A003D24FB /* WorkspaceCoordinator.swift in Sources */ = {isa = PBXBuildFile; fileRef = 639DBC0C2BCFE71A003D24FB /* WorkspaceCoordinator.swift */; };
		639DBC102BCFEBC6003D24FB /* TabCoordinatorContainerView.swift in Sources */ = {isa = PBXBuildFile; fileRef = 639DBC0F2BCFEBC6003D24FB /* TabCoordinatorContainerView.swift */; };
		639DBC122BCFEC97003D24FB /* TabCoordinatorView.swift in Sources */ = {isa = PBXBuildFile; fileRef = 639DBC112BCFEC97003D24FB /* TabCoordinatorView.swift */; };
		639DBC182BD00C20003D24FB /* GroupRootView.swift in Sources */ = {isa = PBXBuildFile; fileRef = 639DBC172BD00C20003D24FB /* GroupRootView.swift */; };
		639DBC1A2BD00D66003D24FB /* GroupCoordinator.swift in Sources */ = {isa = PBXBuildFile; fileRef = 639DBC192BD00D66003D24FB /* GroupCoordinator.swift */; };
		639DBC1E2BD00EE5003D24FB /* TimelineRootView.swift in Sources */ = {isa = PBXBuildFile; fileRef = 639DBC1D2BD00EE5003D24FB /* TimelineRootView.swift */; };
		639DBC202BD00EF4003D24FB /* TimelineCoordinator.swift in Sources */ = {isa = PBXBuildFile; fileRef = 639DBC1F2BD00EF4003D24FB /* TimelineCoordinator.swift */; };
		639DBC242BD010A3003D24FB /* SettingRootView.swift in Sources */ = {isa = PBXBuildFile; fileRef = 639DBC232BD010A3003D24FB /* SettingRootView.swift */; };
		639DBC262BD010B1003D24FB /* SettingCoordinator.swift in Sources */ = {isa = PBXBuildFile; fileRef = 639DBC252BD010B1003D24FB /* SettingCoordinator.swift */; };
		639DBC292BD01492003D24FB /* SettingListView.swift in Sources */ = {isa = PBXBuildFile; fileRef = 639DBC282BD01492003D24FB /* SettingListView.swift */; };
		639DBC2B2BD014B6003D24FB /* SettingListViewModel.swift in Sources */ = {isa = PBXBuildFile; fileRef = 639DBC2A2BD014B6003D24FB /* SettingListViewModel.swift */; };
		639DBC2E2BD02B79003D24FB /* WorkspaceActivityCard.swift in Sources */ = {isa = PBXBuildFile; fileRef = 639DBC2D2BD02B79003D24FB /* WorkspaceActivityCard.swift */; };
		639DBC342BD03296003D24FB /* BaseLayout.swift in Sources */ = {isa = PBXBuildFile; fileRef = 639DBC332BD03296003D24FB /* BaseLayout.swift */; };
		639DBC372BD04473003D24FB /* FirebaseStorage in Frameworks */ = {isa = PBXBuildFile; productRef = 639DBC362BD04473003D24FB /* FirebaseStorage */; };
		639DBC392BD044A6003D24FB /* StorageService.swift in Sources */ = {isa = PBXBuildFile; fileRef = 639DBC382BD044A6003D24FB /* StorageService.swift */; };
		639DBC3B2BD04857003D24FB /* StorageFolder.swift in Sources */ = {isa = PBXBuildFile; fileRef = 639DBC3A2BD04857003D24FB /* StorageFolder.swift */; };
		63BD381A2BBDE8FE00D62EAE /* RouterView.swift in Sources */ = {isa = PBXBuildFile; fileRef = 63BD38192BBDE8FE00D62EAE /* RouterView.swift */; };
		63C467B62BA99D840081E7EA /* TextInput.swift in Sources */ = {isa = PBXBuildFile; fileRef = 63C467B52BA99D840081E7EA /* TextInput.swift */; };
		63C467BB2BAA05770081E7EA /* Inter-Medium.ttf in Resources */ = {isa = PBXBuildFile; fileRef = 63C467B82BAA05760081E7EA /* Inter-Medium.ttf */; };
		63C467BC2BAA05770081E7EA /* Inter-Regular.ttf in Resources */ = {isa = PBXBuildFile; fileRef = 63C467B92BAA05770081E7EA /* Inter-Regular.ttf */; };
		63C467BD2BAA05770081E7EA /* Inter-SemiBold.ttf in Resources */ = {isa = PBXBuildFile; fileRef = 63C467BA2BAA05770081E7EA /* Inter-SemiBold.ttf */; };
		63C9DF4A2BBF1F690075ABDA /* BaseNavigationBar.swift in Sources */ = {isa = PBXBuildFile; fileRef = 63C9DF492BBF1F690075ABDA /* BaseNavigationBar.swift */; };
		63C9DF4C2BBF20050075ABDA /* RouterContainerView.swift in Sources */ = {isa = PBXBuildFile; fileRef = 63C9DF4B2BBF20050075ABDA /* RouterContainerView.swift */; };
		63C9DF502BBF2D100075ABDA /* RouterPreferenceKeys.swift in Sources */ = {isa = PBXBuildFile; fileRef = 63C9DF4F2BBF2D100075ABDA /* RouterPreferenceKeys.swift */; };
		63C9DF522BBF32820075ABDA /* RouteFactory.swift in Sources */ = {isa = PBXBuildFile; fileRef = 63C9DF512BBF32820075ABDA /* RouteFactory.swift */; };
		63C9DF592BBFCD940075ABDA /* Account.swift in Sources */ = {isa = PBXBuildFile; fileRef = 63C9DF582BBFCD940075ABDA /* Account.swift */; };
		63C9DF612BC056170075ABDA /* RepositoryProtocol.swift in Sources */ = {isa = PBXBuildFile; fileRef = 63C9DF602BC056170075ABDA /* RepositoryProtocol.swift */; };
		63C9DF632BC0563A0075ABDA /* FirestoreRepository.swift in Sources */ = {isa = PBXBuildFile; fileRef = 63C9DF622BC0563A0075ABDA /* FirestoreRepository.swift */; };
		63C9DF652BC0571E0075ABDA /* AccountService.swift in Sources */ = {isa = PBXBuildFile; fileRef = 63C9DF642BC0571E0075ABDA /* AccountService.swift */; };
		63C9DF6A2BC27E860075ABDA /* WorkspaceService.swift in Sources */ = {isa = PBXBuildFile; fileRef = 63C9DF692BC27E860075ABDA /* WorkspaceService.swift */; };
		63C9DF6C2BC2B68D0075ABDA /* Workspace.swift in Sources */ = {isa = PBXBuildFile; fileRef = 63C9DF6B2BC2B68D0075ABDA /* Workspace.swift */; };
		63C9DF762BC3F2070075ABDA /* NonEmpty.swift in Sources */ = {isa = PBXBuildFile; fileRef = 63C9DF752BC3F2070075ABDA /* NonEmpty.swift */; };
		63C9DF7F2BC414A10075ABDA /* ErrorMessage.swift in Sources */ = {isa = PBXBuildFile; fileRef = 63C9DF7E2BC414A10075ABDA /* ErrorMessage.swift */; };
		63ECEB8A2BA42BD200166BCD /* GoogleService-Info.plist in Resources */ = {isa = PBXBuildFile; fileRef = 63ECEB892BA42BD200166BCD /* GoogleService-Info.plist */; };
		63ECEB8D2BA42E0100166BCD /* FirebaseAuth in Frameworks */ = {isa = PBXBuildFile; productRef = 63ECEB8C2BA42E0100166BCD /* FirebaseAuth */; };
		63ECEB8F2BA42E0100166BCD /* FirebaseFirestore in Frameworks */ = {isa = PBXBuildFile; productRef = 63ECEB8E2BA42E0100166BCD /* FirebaseFirestore */; };
		63ECEB912BA42E0100166BCD /* FirebaseFirestoreSwift in Frameworks */ = {isa = PBXBuildFile; productRef = 63ECEB902BA42E0100166BCD /* FirebaseFirestoreSwift */; };
		63ECEB992BA4376A00166BCD /* RootTabView.swift in Sources */ = {isa = PBXBuildFile; fileRef = 63ECEB982BA4376A00166BCD /* RootTabView.swift */; };
		63ECEBB72BA5C47700166BCD /* RootView.swift in Sources */ = {isa = PBXBuildFile; fileRef = 63ECEBB62BA5C47700166BCD /* RootView.swift */; };
		63ECEBCC2BA6E67E00166BCD /* ViewModelProtocol.swift in Sources */ = {isa = PBXBuildFile; fileRef = 63ECEBCB2BA6E67E00166BCD /* ViewModelProtocol.swift */; };
		63ECEBCF2BA6E69400166BCD /* ViewState.swift in Sources */ = {isa = PBXBuildFile; fileRef = 63ECEBCE2BA6E69400166BCD /* ViewState.swift */; };
		63EF08472BADFF3C00488B1C /* FontExtension.swift in Sources */ = {isa = PBXBuildFile; fileRef = 63EF08462BADFF3C00488B1C /* FontExtension.swift */; };
		63EF084A2BAE28AE00488B1C /* ViewTitle.swift in Sources */ = {isa = PBXBuildFile; fileRef = 63EF08492BAE28AE00488B1C /* ViewTitle.swift */; };
/* End PBXBuildFile section */

/* Begin PBXContainerItemProxy section */
		635667AE2BA2D5FD00A0AD36 /* PBXContainerItemProxy */ = {
			isa = PBXContainerItemProxy;
			containerPortal = 635667902BA2D5FC00A0AD36 /* Project object */;
			proxyType = 1;
			remoteGlobalIDString = 635667972BA2D5FC00A0AD36;
			remoteInfo = "workspace-hub";
		};
		635667B82BA2D5FD00A0AD36 /* PBXContainerItemProxy */ = {
			isa = PBXContainerItemProxy;
			containerPortal = 635667902BA2D5FC00A0AD36 /* Project object */;
			proxyType = 1;
			remoteGlobalIDString = 635667972BA2D5FC00A0AD36;
			remoteInfo = "workspace-hub";
		};
/* End PBXContainerItemProxy section */

/* Begin PBXFileReference section */
		2E0AEBBF2BACAB9F00452744 /* SingInViewModel.swift */ = {isa = PBXFileReference; lastKnownFileType = sourcecode.swift; path = SingInViewModel.swift; sourceTree = "<group>"; };
		2E0AEBC12BACABAA00452744 /* SignInView.swift */ = {isa = PBXFileReference; lastKnownFileType = sourcecode.swift; path = SignInView.swift; sourceTree = "<group>"; };
		2E0AEBC42BACC13000452744 /* SignUpView.swift */ = {isa = PBXFileReference; lastKnownFileType = sourcecode.swift; path = SignUpView.swift; sourceTree = "<group>"; };
		2E0AEBC62BACC13F00452744 /* SignUpViewModel.swift */ = {isa = PBXFileReference; lastKnownFileType = sourcecode.swift; path = SignUpViewModel.swift; sourceTree = "<group>"; };
		2E3280792BC834F000670DF8 /* WorkspaceListRow.swift */ = {isa = PBXFileReference; lastKnownFileType = sourcecode.swift; path = WorkspaceListRow.swift; sourceTree = "<group>"; };
		2E32807C2BC83A5700670DF8 /* OperationButton.swift */ = {isa = PBXFileReference; lastKnownFileType = sourcecode.swift; path = OperationButton.swift; sourceTree = "<group>"; };
		2E46547B2BD171E200BF2944 /* DateSwiper.swift */ = {isa = PBXFileReference; lastKnownFileType = sourcecode.swift; path = DateSwiper.swift; sourceTree = "<group>"; };
		2E46547E2BD1735E00BF2944 /* DateItem.swift */ = {isa = PBXFileReference; lastKnownFileType = sourcecode.swift; path = DateItem.swift; sourceTree = "<group>"; };
		2E4654852BD1B9E200BF2944 /* WorkspaceListViewModel.swift */ = {isa = PBXFileReference; lastKnownFileType = sourcecode.swift; path = WorkspaceListViewModel.swift; sourceTree = "<group>"; };
		2E46548A2BD2548400BF2944 /* TimelineView.swift */ = {isa = PBXFileReference; lastKnownFileType = sourcecode.swift; path = TimelineView.swift; sourceTree = "<group>"; };
		2E46548C2BD2A61A00BF2944 /* Group.swift */ = {isa = PBXFileReference; lastKnownFileType = sourcecode.swift; path = Group.swift; sourceTree = "<group>"; };
		2E4654902BD2A74000BF2944 /* GroupService.swift */ = {isa = PBXFileReference; lastKnownFileType = sourcecode.swift; path = GroupService.swift; sourceTree = "<group>"; };
		635667982BA2D5FC00A0AD36 /* workspace-hub.app */ = {isa = PBXFileReference; explicitFileType = wrapper.application; includeInIndex = 0; path = "workspace-hub.app"; sourceTree = BUILT_PRODUCTS_DIR; };
		6356679B2BA2D5FC00A0AD36 /* workspace_hubApp.swift */ = {isa = PBXFileReference; lastKnownFileType = sourcecode.swift; path = workspace_hubApp.swift; sourceTree = "<group>"; };
		6356679F2BA2D5FD00A0AD36 /* Assets.xcassets */ = {isa = PBXFileReference; lastKnownFileType = folder.assetcatalog; path = Assets.xcassets; sourceTree = "<group>"; };
		635667A22BA2D5FD00A0AD36 /* Preview Assets.xcassets */ = {isa = PBXFileReference; lastKnownFileType = folder.assetcatalog; path = "Preview Assets.xcassets"; sourceTree = "<group>"; };
		635667A72BA2D5FD00A0AD36 /* workspace_hub.xcdatamodel */ = {isa = PBXFileReference; lastKnownFileType = wrapper.xcdatamodel; path = workspace_hub.xcdatamodel; sourceTree = "<group>"; };
		635667AD2BA2D5FD00A0AD36 /* workspace-hubTests.xctest */ = {isa = PBXFileReference; explicitFileType = wrapper.cfbundle; includeInIndex = 0; path = "workspace-hubTests.xctest"; sourceTree = BUILT_PRODUCTS_DIR; };
		635667B12BA2D5FD00A0AD36 /* workspace_hubTests.swift */ = {isa = PBXFileReference; lastKnownFileType = sourcecode.swift; path = workspace_hubTests.swift; sourceTree = "<group>"; };
		635667B72BA2D5FD00A0AD36 /* workspace-hubUITests.xctest */ = {isa = PBXFileReference; explicitFileType = wrapper.cfbundle; includeInIndex = 0; path = "workspace-hubUITests.xctest"; sourceTree = BUILT_PRODUCTS_DIR; };
		635667BB2BA2D5FD00A0AD36 /* workspace_hubUITests.swift */ = {isa = PBXFileReference; lastKnownFileType = sourcecode.swift; path = workspace_hubUITests.swift; sourceTree = "<group>"; };
		635667BD2BA2D5FD00A0AD36 /* workspace_hubUITestsLaunchTests.swift */ = {isa = PBXFileReference; lastKnownFileType = sourcecode.swift; path = workspace_hubUITestsLaunchTests.swift; sourceTree = "<group>"; };
		638D30DA2BA8B84F00105C6E /* RootViewModel.swift */ = {isa = PBXFileReference; lastKnownFileType = sourcecode.swift; path = RootViewModel.swift; sourceTree = "<group>"; };
		638D30DF2BA8B8DC00105C6E /* SplashView.swift */ = {isa = PBXFileReference; lastKnownFileType = sourcecode.swift; path = SplashView.swift; sourceTree = "<group>"; };
		638D939E2BD237F5006B0B3A /* ValidatedWrapper.swift */ = {isa = PBXFileReference; lastKnownFileType = sourcecode.swift; path = ValidatedWrapper.swift; sourceTree = "<group>"; };
		638D93A12BD40B5F006B0B3A /* FormField.swift */ = {isa = PBXFileReference; lastKnownFileType = sourcecode.swift; path = FormField.swift; sourceTree = "<group>"; };
		638D93A42BD4160B006B0B3A /* WorkspaceAdditionView.swift */ = {isa = PBXFileReference; lastKnownFileType = sourcecode.swift; path = WorkspaceAdditionView.swift; sourceTree = "<group>"; };
		638D93A62BD41AFE006B0B3A /* WorkspaceAdditionViewModel.swift */ = {isa = PBXFileReference; lastKnownFileType = sourcecode.swift; path = WorkspaceAdditionViewModel.swift; sourceTree = "<group>"; };
		638D93AC2BD50DC5006B0B3A /* WorkspaceGroupAdditionView.swift */ = {isa = PBXFileReference; lastKnownFileType = sourcecode.swift; path = WorkspaceGroupAdditionView.swift; sourceTree = "<group>"; };
		638D93AE2BD50DD3006B0B3A /* WorkspaceGroupAdditionViewModel.swift */ = {isa = PBXFileReference; lastKnownFileType = sourcecode.swift; path = WorkspaceGroupAdditionViewModel.swift; sourceTree = "<group>"; };
		638DBEF22BDAD080003A1795 /* BaseButton.swift */ = {isa = PBXFileReference; lastKnownFileType = sourcecode.swift; path = BaseButton.swift; sourceTree = "<group>"; };
		638DBEF72BDAD5F7003A1795 /* ViewExtensions.swift */ = {isa = PBXFileReference; lastKnownFileType = sourcecode.swift; path = ViewExtensions.swift; sourceTree = "<group>"; };
		638DBF072BDB8191003A1795 /* ThemeColorPicker.swift */ = {isa = PBXFileReference; lastKnownFileType = sourcecode.swift; path = ThemeColorPicker.swift; sourceTree = "<group>"; };
		638DBF092BDB895E003A1795 /* UIColorExtensions.swift */ = {isa = PBXFileReference; lastKnownFileType = sourcecode.swift; path = UIColorExtensions.swift; sourceTree = "<group>"; };
		638DBF0B2BDB8DCC003A1795 /* HexColorsUtil.swift */ = {isa = PBXFileReference; lastKnownFileType = sourcecode.swift; path = HexColorsUtil.swift; sourceTree = "<group>"; };
		638DBF0E2BDBA013003A1795 /* WorkspaceDetailView.swift */ = {isa = PBXFileReference; lastKnownFileType = sourcecode.swift; path = WorkspaceDetailView.swift; sourceTree = "<group>"; };
		638DBF102BDBA510003A1795 /* WorkspaceDetailViewModel.swift */ = {isa = PBXFileReference; lastKnownFileType = sourcecode.swift; path = WorkspaceDetailViewModel.swift; sourceTree = "<group>"; };
		638DBF152BDBA716003A1795 /* WorkspaceDetailCard.swift */ = {isa = PBXFileReference; lastKnownFileType = sourcecode.swift; path = WorkspaceDetailCard.swift; sourceTree = "<group>"; };
		638DBF182BDBD47B003A1795 /* WorkspaceEditView.swift */ = {isa = PBXFileReference; lastKnownFileType = sourcecode.swift; path = WorkspaceEditView.swift; sourceTree = "<group>"; };
		638DBF1A2BDBD487003A1795 /* WorkspaceEditViewModel.swift */ = {isa = PBXFileReference; lastKnownFileType = sourcecode.swift; path = WorkspaceEditViewModel.swift; sourceTree = "<group>"; };
		638DBF1D2BDBFE06003A1795 /* SettingListRow.swift */ = {isa = PBXFileReference; lastKnownFileType = sourcecode.swift; path = SettingListRow.swift; sourceTree = "<group>"; };
		638DBF202BDC00F1003A1795 /* SettingAccountCard.swift */ = {isa = PBXFileReference; lastKnownFileType = sourcecode.swift; path = SettingAccountCard.swift; sourceTree = "<group>"; };
		638DBF232BDD6B17003A1795 /* SettingAccountEditView.swift */ = {isa = PBXFileReference; lastKnownFileType = sourcecode.swift; path = SettingAccountEditView.swift; sourceTree = "<group>"; };
		638DBF252BDD6B3B003A1795 /* SettingAccountEditViewModel.swift */ = {isa = PBXFileReference; lastKnownFileType = sourcecode.swift; path = SettingAccountEditViewModel.swift; sourceTree = "<group>"; };
		638DBF272BDE39A2003A1795 /* ImageUtil.swift */ = {isa = PBXFileReference; lastKnownFileType = sourcecode.swift; path = ImageUtil.swift; sourceTree = "<group>"; };
		638DBF2A2BDE59D7003A1795 /* LoadingDots.swift */ = {isa = PBXFileReference; lastKnownFileType = sourcecode.swift; path = LoadingDots.swift; sourceTree = "<group>"; };
		638DBF2C2BDE5C4E003A1795 /* ThemeColorUtil.swift */ = {isa = PBXFileReference; lastKnownFileType = sourcecode.swift; path = ThemeColorUtil.swift; sourceTree = "<group>"; };
		638F23E92BACD92100704CE0 /* AuthService.swift */ = {isa = PBXFileReference; lastKnownFileType = sourcecode.swift; path = AuthService.swift; sourceTree = "<group>"; };
		638F23EC2BACDA1100704CE0 /* ProtectedInput.swift */ = {isa = PBXFileReference; lastKnownFileType = sourcecode.swift; path = ProtectedInput.swift; sourceTree = "<group>"; };
		638F24042BAD7A0D00704CE0 /* BackArrow.swift */ = {isa = PBXFileReference; lastKnownFileType = sourcecode.swift; path = BackArrow.swift; sourceTree = "<group>"; };
		638F24092BAD82CC00704CE0 /* Inter-Bold.ttf */ = {isa = PBXFileReference; lastKnownFileType = file; path = "Inter-Bold.ttf"; sourceTree = "<group>"; };
		6392F9792BE4040F009F70B2 /* WorkspaceGroupListRow.swift */ = {isa = PBXFileReference; lastKnownFileType = sourcecode.swift; path = WorkspaceGroupListRow.swift; sourceTree = "<group>"; };
		6392F9802BE4069A009F70B2 /* GroupDetailView.swift */ = {isa = PBXFileReference; lastKnownFileType = sourcecode.swift; path = GroupDetailView.swift; sourceTree = "<group>"; };
		6392F9832BE409C9009F70B2 /* EmptyListMessage.swift */ = {isa = PBXFileReference; lastKnownFileType = sourcecode.swift; path = EmptyListMessage.swift; sourceTree = "<group>"; };
		6392F9852BE40DCB009F70B2 /* GroupDetailViewModel.swift */ = {isa = PBXFileReference; lastKnownFileType = sourcecode.swift; path = GroupDetailViewModel.swift; sourceTree = "<group>"; };
		6392F9882BE41AE6009F70B2 /* GroupSettingListView.swift */ = {isa = PBXFileReference; lastKnownFileType = sourcecode.swift; path = GroupSettingListView.swift; sourceTree = "<group>"; };
		6392F98D2BE41F49009F70B2 /* GroupParticipantListView.swift */ = {isa = PBXFileReference; lastKnownFileType = sourcecode.swift; path = GroupParticipantListView.swift; sourceTree = "<group>"; };
		6392F98F2BE41F5F009F70B2 /* GroupParticipantListViewModel.swift */ = {isa = PBXFileReference; lastKnownFileType = sourcecode.swift; path = GroupParticipantListViewModel.swift; sourceTree = "<group>"; };
		6392F9912BE4227B009F70B2 /* Message.swift */ = {isa = PBXFileReference; lastKnownFileType = sourcecode.swift; path = Message.swift; sourceTree = "<group>"; };
		6392F9942BE424C2009F70B2 /* ChatLayout.swift */ = {isa = PBXFileReference; lastKnownFileType = sourcecode.swift; path = ChatLayout.swift; sourceTree = "<group>"; };
		6392F9962BE42E58009F70B2 /* MessageService.swift */ = {isa = PBXFileReference; lastKnownFileType = sourcecode.swift; path = MessageService.swift; sourceTree = "<group>"; };
		6392F9982BE4374E009F70B2 /* ChatItem.swift */ = {isa = PBXFileReference; lastKnownFileType = sourcecode.swift; path = ChatItem.swift; sourceTree = "<group>"; };
		6399C55E2BE4D3B700EB068D /* ChatMessage.swift */ = {isa = PBXFileReference; lastKnownFileType = sourcecode.swift; path = ChatMessage.swift; sourceTree = "<group>"; };
		6399C5602BE4DCA900EB068D /* ChatUtil.swift */ = {isa = PBXFileReference; lastKnownFileType = sourcecode.swift; path = ChatUtil.swift; sourceTree = "<group>"; };
		6399C5622BE50CE700EB068D /* ChatItemGroup.swift */ = {isa = PBXFileReference; lastKnownFileType = sourcecode.swift; path = ChatItemGroup.swift; sourceTree = "<group>"; };
		6399C5652BE51D7600EB068D /* VerticalSpacer.swift */ = {isa = PBXFileReference; lastKnownFileType = sourcecode.swift; path = VerticalSpacer.swift; sourceTree = "<group>"; };
		639DBBF12BCFC7EB003D24FB /* RouterProtocol.swift */ = {isa = PBXFileReference; lastKnownFileType = sourcecode.swift; path = RouterProtocol.swift; sourceTree = "<group>"; };
		639DBBF32BCFC7FD003D24FB /* BaseRouter.swift */ = {isa = PBXFileReference; lastKnownFileType = sourcecode.swift; path = BaseRouter.swift; sourceTree = "<group>"; };
		639DBBF62BCFC81C003D24FB /* MainRouter.swift */ = {isa = PBXFileReference; lastKnownFileType = sourcecode.swift; path = MainRouter.swift; sourceTree = "<group>"; };
		639DBBFB2BCFD246003D24FB /* WorkspaceListView.swift */ = {isa = PBXFileReference; lastKnownFileType = sourcecode.swift; path = WorkspaceListView.swift; sourceTree = "<group>"; };
		639DBC022BCFE4ED003D24FB /* WorkspaceRootView.swift */ = {isa = PBXFileReference; lastKnownFileType = sourcecode.swift; path = WorkspaceRootView.swift; sourceTree = "<group>"; };
		639DBC042BCFE538003D24FB /* BaseTabCoordinator.swift */ = {isa = PBXFileReference; lastKnownFileType = sourcecode.swift; path = BaseTabCoordinator.swift; sourceTree = "<group>"; };
		639DBC072BCFE5C4003D24FB /* TabCoordinatorProtocol.swift */ = {isa = PBXFileReference; lastKnownFileType = sourcecode.swift; path = TabCoordinatorProtocol.swift; sourceTree = "<group>"; };
		639DBC0A2BCFE66F003D24FB /* TabSectionFactory.swift */ = {isa = PBXFileReference; lastKnownFileType = sourcecode.swift; path = TabSectionFactory.swift; sourceTree = "<group>"; };
		639DBC0C2BCFE71A003D24FB /* WorkspaceCoordinator.swift */ = {isa = PBXFileReference; lastKnownFileType = sourcecode.swift; path = WorkspaceCoordinator.swift; sourceTree = "<group>"; };
		639DBC0F2BCFEBC6003D24FB /* TabCoordinatorContainerView.swift */ = {isa = PBXFileReference; lastKnownFileType = sourcecode.swift; path = TabCoordinatorContainerView.swift; sourceTree = "<group>"; };
		639DBC112BCFEC97003D24FB /* TabCoordinatorView.swift */ = {isa = PBXFileReference; lastKnownFileType = sourcecode.swift; path = TabCoordinatorView.swift; sourceTree = "<group>"; };
		639DBC172BD00C20003D24FB /* GroupRootView.swift */ = {isa = PBXFileReference; lastKnownFileType = sourcecode.swift; path = GroupRootView.swift; sourceTree = "<group>"; };
		639DBC192BD00D66003D24FB /* GroupCoordinator.swift */ = {isa = PBXFileReference; lastKnownFileType = sourcecode.swift; path = GroupCoordinator.swift; sourceTree = "<group>"; };
		639DBC1D2BD00EE5003D24FB /* TimelineRootView.swift */ = {isa = PBXFileReference; lastKnownFileType = sourcecode.swift; path = TimelineRootView.swift; sourceTree = "<group>"; };
		639DBC1F2BD00EF4003D24FB /* TimelineCoordinator.swift */ = {isa = PBXFileReference; lastKnownFileType = sourcecode.swift; path = TimelineCoordinator.swift; sourceTree = "<group>"; };
		639DBC232BD010A3003D24FB /* SettingRootView.swift */ = {isa = PBXFileReference; lastKnownFileType = sourcecode.swift; path = SettingRootView.swift; sourceTree = "<group>"; };
		639DBC252BD010B1003D24FB /* SettingCoordinator.swift */ = {isa = PBXFileReference; lastKnownFileType = sourcecode.swift; path = SettingCoordinator.swift; sourceTree = "<group>"; };
		639DBC282BD01492003D24FB /* SettingListView.swift */ = {isa = PBXFileReference; lastKnownFileType = sourcecode.swift; path = SettingListView.swift; sourceTree = "<group>"; };
		639DBC2A2BD014B6003D24FB /* SettingListViewModel.swift */ = {isa = PBXFileReference; lastKnownFileType = sourcecode.swift; path = SettingListViewModel.swift; sourceTree = "<group>"; };
		639DBC2D2BD02B79003D24FB /* WorkspaceActivityCard.swift */ = {isa = PBXFileReference; lastKnownFileType = sourcecode.swift; path = WorkspaceActivityCard.swift; sourceTree = "<group>"; };
		639DBC332BD03296003D24FB /* BaseLayout.swift */ = {isa = PBXFileReference; lastKnownFileType = sourcecode.swift; path = BaseLayout.swift; sourceTree = "<group>"; };
		639DBC382BD044A6003D24FB /* StorageService.swift */ = {isa = PBXFileReference; lastKnownFileType = sourcecode.swift; path = StorageService.swift; sourceTree = "<group>"; };
		639DBC3A2BD04857003D24FB /* StorageFolder.swift */ = {isa = PBXFileReference; lastKnownFileType = sourcecode.swift; path = StorageFolder.swift; sourceTree = "<group>"; };
		63BD38192BBDE8FE00D62EAE /* RouterView.swift */ = {isa = PBXFileReference; lastKnownFileType = sourcecode.swift; path = RouterView.swift; sourceTree = "<group>"; };
		63C467B52BA99D840081E7EA /* TextInput.swift */ = {isa = PBXFileReference; lastKnownFileType = sourcecode.swift; path = TextInput.swift; sourceTree = "<group>"; };
		63C467B82BAA05760081E7EA /* Inter-Medium.ttf */ = {isa = PBXFileReference; lastKnownFileType = file; path = "Inter-Medium.ttf"; sourceTree = "<group>"; };
		63C467B92BAA05770081E7EA /* Inter-Regular.ttf */ = {isa = PBXFileReference; lastKnownFileType = file; path = "Inter-Regular.ttf"; sourceTree = "<group>"; };
		63C467BA2BAA05770081E7EA /* Inter-SemiBold.ttf */ = {isa = PBXFileReference; lastKnownFileType = file; path = "Inter-SemiBold.ttf"; sourceTree = "<group>"; };
		63C9DF492BBF1F690075ABDA /* BaseNavigationBar.swift */ = {isa = PBXFileReference; lastKnownFileType = sourcecode.swift; path = BaseNavigationBar.swift; sourceTree = "<group>"; };
		63C9DF4B2BBF20050075ABDA /* RouterContainerView.swift */ = {isa = PBXFileReference; lastKnownFileType = sourcecode.swift; path = RouterContainerView.swift; sourceTree = "<group>"; };
		63C9DF4F2BBF2D100075ABDA /* RouterPreferenceKeys.swift */ = {isa = PBXFileReference; lastKnownFileType = sourcecode.swift; path = RouterPreferenceKeys.swift; sourceTree = "<group>"; };
		63C9DF512BBF32820075ABDA /* RouteFactory.swift */ = {isa = PBXFileReference; lastKnownFileType = sourcecode.swift; path = RouteFactory.swift; sourceTree = "<group>"; };
		63C9DF582BBFCD940075ABDA /* Account.swift */ = {isa = PBXFileReference; lastKnownFileType = sourcecode.swift; path = Account.swift; sourceTree = "<group>"; };
		63C9DF602BC056170075ABDA /* RepositoryProtocol.swift */ = {isa = PBXFileReference; lastKnownFileType = sourcecode.swift; path = RepositoryProtocol.swift; sourceTree = "<group>"; };
		63C9DF622BC0563A0075ABDA /* FirestoreRepository.swift */ = {isa = PBXFileReference; lastKnownFileType = sourcecode.swift; path = FirestoreRepository.swift; sourceTree = "<group>"; };
		63C9DF642BC0571E0075ABDA /* AccountService.swift */ = {isa = PBXFileReference; lastKnownFileType = sourcecode.swift; path = AccountService.swift; sourceTree = "<group>"; };
		63C9DF692BC27E860075ABDA /* WorkspaceService.swift */ = {isa = PBXFileReference; lastKnownFileType = sourcecode.swift; path = WorkspaceService.swift; sourceTree = "<group>"; };
		63C9DF6B2BC2B68D0075ABDA /* Workspace.swift */ = {isa = PBXFileReference; lastKnownFileType = sourcecode.swift; path = Workspace.swift; sourceTree = "<group>"; };
		63C9DF752BC3F2070075ABDA /* NonEmpty.swift */ = {isa = PBXFileReference; lastKnownFileType = sourcecode.swift; path = NonEmpty.swift; sourceTree = "<group>"; };
		63C9DF7E2BC414A10075ABDA /* ErrorMessage.swift */ = {isa = PBXFileReference; lastKnownFileType = sourcecode.swift; path = ErrorMessage.swift; sourceTree = "<group>"; };
		63ECEB892BA42BD200166BCD /* GoogleService-Info.plist */ = {isa = PBXFileReference; fileEncoding = 4; lastKnownFileType = text.plist.xml; path = "GoogleService-Info.plist"; sourceTree = "<group>"; };
		63ECEB982BA4376A00166BCD /* RootTabView.swift */ = {isa = PBXFileReference; lastKnownFileType = sourcecode.swift; path = RootTabView.swift; sourceTree = "<group>"; };
		63ECEBB62BA5C47700166BCD /* RootView.swift */ = {isa = PBXFileReference; lastKnownFileType = sourcecode.swift; path = RootView.swift; sourceTree = "<group>"; };
		63ECEBCB2BA6E67E00166BCD /* ViewModelProtocol.swift */ = {isa = PBXFileReference; lastKnownFileType = sourcecode.swift; path = ViewModelProtocol.swift; sourceTree = "<group>"; };
		63ECEBCE2BA6E69400166BCD /* ViewState.swift */ = {isa = PBXFileReference; lastKnownFileType = sourcecode.swift; path = ViewState.swift; sourceTree = "<group>"; };
		63EF083E2BADCA0500488B1C /* Info.plist */ = {isa = PBXFileReference; fileEncoding = 4; lastKnownFileType = text.plist.xml; path = Info.plist; sourceTree = "<group>"; };
		63EF08462BADFF3C00488B1C /* FontExtension.swift */ = {isa = PBXFileReference; lastKnownFileType = sourcecode.swift; path = FontExtension.swift; sourceTree = "<group>"; };
		63EF08492BAE28AE00488B1C /* ViewTitle.swift */ = {isa = PBXFileReference; lastKnownFileType = sourcecode.swift; path = ViewTitle.swift; sourceTree = "<group>"; };
/* End PBXFileReference section */

/* Begin PBXFrameworksBuildPhase section */
		635667952BA2D5FC00A0AD36 /* Frameworks */ = {
			isa = PBXFrameworksBuildPhase;
			buildActionMask = 2147483647;
			files = (
				63ECEB8D2BA42E0100166BCD /* FirebaseAuth in Frameworks */,
				638DBF052BDB7F4D003A1795 /* SFSymbolsPicker in Frameworks */,
				639DBC372BD04473003D24FB /* FirebaseStorage in Frameworks */,
				63ECEB8F2BA42E0100166BCD /* FirebaseFirestore in Frameworks */,
				63ECEB912BA42E0100166BCD /* FirebaseFirestoreSwift in Frameworks */,
			);
			runOnlyForDeploymentPostprocessing = 0;
		};
		635667AA2BA2D5FD00A0AD36 /* Frameworks */ = {
			isa = PBXFrameworksBuildPhase;
			buildActionMask = 2147483647;
			files = (
			);
			runOnlyForDeploymentPostprocessing = 0;
		};
		635667B42BA2D5FD00A0AD36 /* Frameworks */ = {
			isa = PBXFrameworksBuildPhase;
			buildActionMask = 2147483647;
			files = (
			);
			runOnlyForDeploymentPostprocessing = 0;
		};
/* End PBXFrameworksBuildPhase section */

/* Begin PBXGroup section */
		2E0AEBBE2BACAB1500452744 /* SingInView */ = {
			isa = PBXGroup;
			children = (
				2E0AEBC12BACABAA00452744 /* SignInView.swift */,
				2E0AEBBF2BACAB9F00452744 /* SingInViewModel.swift */,
			);
			path = SingInView;
			sourceTree = "<group>";
		};
		2E0AEBC32BACC11D00452744 /* SignUpView */ = {
			isa = PBXGroup;
			children = (
				2E0AEBC42BACC13000452744 /* SignUpView.swift */,
				2E0AEBC62BACC13F00452744 /* SignUpViewModel.swift */,
			);
			path = SignUpView;
			sourceTree = "<group>";
		};
		2E3280782BC834C900670DF8 /* WorkspaceListRow */ = {
			isa = PBXGroup;
			children = (
				2E3280792BC834F000670DF8 /* WorkspaceListRow.swift */,
			);
			path = WorkspaceListRow;
			sourceTree = "<group>";
		};
		2E32807B2BC83A4A00670DF8 /* OperationButton */ = {
			isa = PBXGroup;
			children = (
				2E32807C2BC83A5700670DF8 /* OperationButton.swift */,
			);
			path = OperationButton;
			sourceTree = "<group>";
		};
		2E46547A2BD171D000BF2944 /* DateSwiper */ = {
			isa = PBXGroup;
			children = (
				2E46547B2BD171E200BF2944 /* DateSwiper.swift */,
				2E46547E2BD1735E00BF2944 /* DateItem.swift */,
			);
			path = DateSwiper;
			sourceTree = "<group>";
		};
		2E4654892BD2546C00BF2944 /* TimelineView */ = {
			isa = PBXGroup;
			children = (
				2E46548A2BD2548400BF2944 /* TimelineView.swift */,
			);
			path = TimelineView;
			sourceTree = "<group>";
		};
		6356678F2BA2D5FC00A0AD36 = {
			isa = PBXGroup;
			children = (
				6356679A2BA2D5FC00A0AD36 /* workspace-hub */,
				635667B02BA2D5FD00A0AD36 /* workspace-hubTests */,
				635667BA2BA2D5FD00A0AD36 /* workspace-hubUITests */,
				635667992BA2D5FC00A0AD36 /* Products */,
				639DBC352BD04473003D24FB /* Frameworks */,
			);
			sourceTree = "<group>";
		};
		635667992BA2D5FC00A0AD36 /* Products */ = {
			isa = PBXGroup;
			children = (
				635667982BA2D5FC00A0AD36 /* workspace-hub.app */,
				635667AD2BA2D5FD00A0AD36 /* workspace-hubTests.xctest */,
				635667B72BA2D5FD00A0AD36 /* workspace-hubUITests.xctest */,
			);
			name = Products;
			sourceTree = "<group>";
		};
		6356679A2BA2D5FC00A0AD36 /* workspace-hub */ = {
			isa = PBXGroup;
			children = (
				639DBC002BCFE40D003D24FB /* TabCoordinator */,
				63BD38122BBDE7FA00D62EAE /* Router */,
				63ECEBD02BA6F13C00166BCD /* Utilities */,
				63ECEBA12BA46CD600166BCD /* Repositories */,
				63ECEB9E2BA46B9D00166BCD /* Services */,
				63ECEB952BA432DC00166BCD /* Models */,
				63C467B32BA99D580081E7EA /* Components */,
				63ECEB882BA42AA500166BCD /* Views */,
				6356679B2BA2D5FC00A0AD36 /* workspace_hubApp.swift */,
				6356679F2BA2D5FD00A0AD36 /* Assets.xcassets */,
				63EF083E2BADCA0500488B1C /* Info.plist */,
				635667A62BA2D5FD00A0AD36 /* workspace_hub.xcdatamodeld */,
				63ECEB892BA42BD200166BCD /* GoogleService-Info.plist */,
				635667A12BA2D5FD00A0AD36 /* Preview Content */,
			);
			path = "workspace-hub";
			sourceTree = "<group>";
		};
		635667A12BA2D5FD00A0AD36 /* Preview Content */ = {
			isa = PBXGroup;
			children = (
				635667A22BA2D5FD00A0AD36 /* Preview Assets.xcassets */,
			);
			path = "Preview Content";
			sourceTree = "<group>";
		};
		635667B02BA2D5FD00A0AD36 /* workspace-hubTests */ = {
			isa = PBXGroup;
			children = (
				635667B12BA2D5FD00A0AD36 /* workspace_hubTests.swift */,
			);
			path = "workspace-hubTests";
			sourceTree = "<group>";
		};
		635667BA2BA2D5FD00A0AD36 /* workspace-hubUITests */ = {
			isa = PBXGroup;
			children = (
				635667BB2BA2D5FD00A0AD36 /* workspace_hubUITests.swift */,
				635667BD2BA2D5FD00A0AD36 /* workspace_hubUITestsLaunchTests.swift */,
			);
			path = "workspace-hubUITests";
			sourceTree = "<group>";
		};
		638D30D62BA8B2A500105C6E /* RootTabView */ = {
			isa = PBXGroup;
			children = (
				63ECEB982BA4376A00166BCD /* RootTabView.swift */,
			);
			path = RootTabView;
			sourceTree = "<group>";
		};
		638D30D82BA8B3BB00105C6E /* Protocols */ = {
			isa = PBXGroup;
			children = (
				63C9DF602BC056170075ABDA /* RepositoryProtocol.swift */,
				63ECEBCB2BA6E67E00166BCD /* ViewModelProtocol.swift */,
			);
			path = Protocols;
			sourceTree = "<group>";
		};
		638D30DC2BA8B8BF00105C6E /* SplashView */ = {
			isa = PBXGroup;
			children = (
				638D30DF2BA8B8DC00105C6E /* SplashView.swift */,
			);
			path = SplashView;
			sourceTree = "<group>";
		};
		638D93A02BD40B4F006B0B3A /* FormField */ = {
			isa = PBXGroup;
			children = (
				638D93A12BD40B5F006B0B3A /* FormField.swift */,
			);
			path = FormField;
			sourceTree = "<group>";
		};
		638D93A32BD41544006B0B3A /* WorkspaceAdditionView */ = {
			isa = PBXGroup;
			children = (
				638D93A42BD4160B006B0B3A /* WorkspaceAdditionView.swift */,
				638D93A62BD41AFE006B0B3A /* WorkspaceAdditionViewModel.swift */,
			);
			path = WorkspaceAdditionView;
			sourceTree = "<group>";
		};
		638D93AB2BD50DA8006B0B3A /* WorkspaceGroupAdditionView */ = {
			isa = PBXGroup;
			children = (
				638D93AC2BD50DC5006B0B3A /* WorkspaceGroupAdditionView.swift */,
				638D93AE2BD50DD3006B0B3A /* WorkspaceGroupAdditionViewModel.swift */,
			);
			path = WorkspaceGroupAdditionView;
			sourceTree = "<group>";
		};
		638DBEF12BDAD068003A1795 /* BaseButton */ = {
			isa = PBXGroup;
			children = (
				638DBEF22BDAD080003A1795 /* BaseButton.swift */,
			);
			path = BaseButton;
			sourceTree = "<group>";
		};
		638DBEF62BDAD5E5003A1795 /* Extensions */ = {
			isa = PBXGroup;
			children = (
				638DBEF72BDAD5F7003A1795 /* ViewExtensions.swift */,
				638DBF092BDB895E003A1795 /* UIColorExtensions.swift */,
			);
			path = Extensions;
			sourceTree = "<group>";
		};
		638DBF062BDB8164003A1795 /* ThemeColorPicker */ = {
			isa = PBXGroup;
			children = (
				638DBF072BDB8191003A1795 /* ThemeColorPicker.swift */,
			);
			path = ThemeColorPicker;
			sourceTree = "<group>";
		};
		638DBF0D2BDBA002003A1795 /* WorkspaceDetailView */ = {
			isa = PBXGroup;
			children = (
				638DBF0E2BDBA013003A1795 /* WorkspaceDetailView.swift */,
				638DBF102BDBA510003A1795 /* WorkspaceDetailViewModel.swift */,
			);
			path = WorkspaceDetailView;
			sourceTree = "<group>";
		};
		638DBF122BDBA6F0003A1795 /* WorkspaceDetailCard */ = {
			isa = PBXGroup;
			children = (
				638DBF152BDBA716003A1795 /* WorkspaceDetailCard.swift */,
			);
			path = WorkspaceDetailCard;
			sourceTree = "<group>";
		};
		638DBF172BDBD462003A1795 /* WorkspaceEditView */ = {
			isa = PBXGroup;
			children = (
				638DBF182BDBD47B003A1795 /* WorkspaceEditView.swift */,
				638DBF1A2BDBD487003A1795 /* WorkspaceEditViewModel.swift */,
			);
			path = WorkspaceEditView;
			sourceTree = "<group>";
		};
		638DBF1C2BDBFDEF003A1795 /* SettingListRow */ = {
			isa = PBXGroup;
			children = (
				638DBF1D2BDBFE06003A1795 /* SettingListRow.swift */,
			);
			path = SettingListRow;
			sourceTree = "<group>";
		};
		638DBF1F2BDC00CD003A1795 /* SettingAccountCard */ = {
			isa = PBXGroup;
			children = (
				638DBF202BDC00F1003A1795 /* SettingAccountCard.swift */,
			);
			path = SettingAccountCard;
			sourceTree = "<group>";
		};
		638DBF222BDD6AF7003A1795 /* SettingAccountEditView */ = {
			isa = PBXGroup;
			children = (
				638DBF232BDD6B17003A1795 /* SettingAccountEditView.swift */,
				638DBF252BDD6B3B003A1795 /* SettingAccountEditViewModel.swift */,
			);
			path = SettingAccountEditView;
			sourceTree = "<group>";
		};
		638DBF292BDE59C8003A1795 /* LoadingDots */ = {
			isa = PBXGroup;
			children = (
				638DBF2A2BDE59D7003A1795 /* LoadingDots.swift */,
			);
			path = LoadingDots;
			sourceTree = "<group>";
		};
		638F23EB2BACD9F700704CE0 /* ProtectedInput */ = {
			isa = PBXGroup;
			children = (
				638F23EC2BACDA1100704CE0 /* ProtectedInput.swift */,
			);
			path = ProtectedInput;
			sourceTree = "<group>";
		};
		638F24032BAD79FA00704CE0 /* BackArrow */ = {
			isa = PBXGroup;
			children = (
				638F24042BAD7A0D00704CE0 /* BackArrow.swift */,
			);
			path = BackArrow;
			sourceTree = "<group>";
		};
		6392F9782BE403F4009F70B2 /* WorkspaceGroupListRow */ = {
			isa = PBXGroup;
			children = (
				6392F9792BE4040F009F70B2 /* WorkspaceGroupListRow.swift */,
			);
			path = WorkspaceGroupListRow;
			sourceTree = "<group>";
		};
		6392F97B2BE40613009F70B2 /* CommonModule */ = {
			isa = PBXGroup;
			children = (
				6392F98C2BE41F25009F70B2 /* GroupParticipantListView */,
				6392F97F2BE40663009F70B2 /* GroupDetailView */,
				6392F9872BE41AD0009F70B2 /* GroupSettingsView */,
			);
			path = CommonModule;
			sourceTree = "<group>";
		};
		6392F97F2BE40663009F70B2 /* GroupDetailView */ = {
			isa = PBXGroup;
			children = (
				6392F9802BE4069A009F70B2 /* GroupDetailView.swift */,
				6392F9852BE40DCB009F70B2 /* GroupDetailViewModel.swift */,
			);
			path = GroupDetailView;
			sourceTree = "<group>";
		};
		6392F9822BE409B8009F70B2 /* EmptyListMessage */ = {
			isa = PBXGroup;
			children = (
				6392F9832BE409C9009F70B2 /* EmptyListMessage.swift */,
			);
			path = EmptyListMessage;
			sourceTree = "<group>";
		};
		6392F9872BE41AD0009F70B2 /* GroupSettingsView */ = {
			isa = PBXGroup;
			children = (
				6392F9882BE41AE6009F70B2 /* GroupSettingListView.swift */,
			);
			path = GroupSettingsView;
			sourceTree = "<group>";
		};
		6392F98C2BE41F25009F70B2 /* GroupParticipantListView */ = {
			isa = PBXGroup;
			children = (
				6392F98D2BE41F49009F70B2 /* GroupParticipantListView.swift */,
				6392F98F2BE41F5F009F70B2 /* GroupParticipantListViewModel.swift */,
			);
			path = GroupParticipantListView;
			sourceTree = "<group>";
		};
		6392F9932BE42493009F70B2 /* ChatLayout */ = {
			isa = PBXGroup;
			children = (
				6392F9942BE424C2009F70B2 /* ChatLayout.swift */,
			);
			path = ChatLayout;
			sourceTree = "<group>";
		};
		6399C55D2BE4D3A000EB068D /* ChatMessage */ = {
			isa = PBXGroup;
			children = (
				6399C55E2BE4D3B700EB068D /* ChatMessage.swift */,
			);
			path = ChatMessage;
			sourceTree = "<group>";
		};
		6399C5642BE51D6700EB068D /* VerticalSpacer */ = {
			isa = PBXGroup;
			children = (
				6399C5652BE51D7600EB068D /* VerticalSpacer.swift */,
			);
			path = VerticalSpacer;
			sourceTree = "<group>";
		};
		639DBBF52BCFC807003D24FB /* Routers */ = {
			isa = PBXGroup;
			children = (
				639DBBF62BCFC81C003D24FB /* MainRouter.swift */,
			);
			path = Routers;
			sourceTree = "<group>";
		};
		639DBBFA2BCFD235003D24FB /* WorkspaceListView */ = {
			isa = PBXGroup;
			children = (
				639DBBFB2BCFD246003D24FB /* WorkspaceListView.swift */,
				2E4654852BD1B9E200BF2944 /* WorkspaceListViewModel.swift */,
			);
			path = WorkspaceListView;
			sourceTree = "<group>";
		};
		639DBC002BCFE40D003D24FB /* TabCoordinator */ = {
			isa = PBXGroup;
			children = (
				639DBC072BCFE5C4003D24FB /* TabCoordinatorProtocol.swift */,
				639DBC042BCFE538003D24FB /* BaseTabCoordinator.swift */,
				639DBC0A2BCFE66F003D24FB /* TabSectionFactory.swift */,
				639DBC092BCFE634003D24FB /* TabCoordinators */,
				639DBC062BCFE596003D24FB /* Components */,
			);
			path = TabCoordinator;
			sourceTree = "<group>";
		};
		639DBC012BCFE4DF003D24FB /* WorkspaceRootView */ = {
			isa = PBXGroup;
			children = (
				639DBC022BCFE4ED003D24FB /* WorkspaceRootView.swift */,
			);
			path = WorkspaceRootView;
			sourceTree = "<group>";
		};
		639DBC062BCFE596003D24FB /* Components */ = {
			isa = PBXGroup;
			children = (
				639DBC0F2BCFEBC6003D24FB /* TabCoordinatorContainerView.swift */,
				639DBC112BCFEC97003D24FB /* TabCoordinatorView.swift */,
			);
			path = Components;
			sourceTree = "<group>";
		};
		639DBC092BCFE634003D24FB /* TabCoordinators */ = {
			isa = PBXGroup;
			children = (
				639DBC0C2BCFE71A003D24FB /* WorkspaceCoordinator.swift */,
				639DBC192BD00D66003D24FB /* GroupCoordinator.swift */,
				639DBC1F2BD00EF4003D24FB /* TimelineCoordinator.swift */,
				639DBC252BD010B1003D24FB /* SettingCoordinator.swift */,
			);
			path = TabCoordinators;
			sourceTree = "<group>";
		};
		639DBC0E2BCFEB3C003D24FB /* BaseNavigationBar */ = {
			isa = PBXGroup;
			children = (
				63C9DF492BBF1F690075ABDA /* BaseNavigationBar.swift */,
			);
			path = BaseNavigationBar;
			sourceTree = "<group>";
		};
		639DBC132BD0020A003D24FB /* WorkspaceModule */ = {
			isa = PBXGroup;
			children = (
				639DBC012BCFE4DF003D24FB /* WorkspaceRootView */,
				639DBBFA2BCFD235003D24FB /* WorkspaceListView */,
				638D93A32BD41544006B0B3A /* WorkspaceAdditionView */,
				638DBF172BDBD462003A1795 /* WorkspaceEditView */,
				638DBF0D2BDBA002003A1795 /* WorkspaceDetailView */,
				638D93AB2BD50DA8006B0B3A /* WorkspaceGroupAdditionView */,
			);
			path = WorkspaceModule;
			sourceTree = "<group>";
		};
		639DBC142BD00218003D24FB /* MainModule */ = {
			isa = PBXGroup;
			children = (
				63ECEBB32BA5C40300166BCD /* RootView */,
				638D30DC2BA8B8BF00105C6E /* SplashView */,
				2E0AEBBE2BACAB1500452744 /* SingInView */,
				2E0AEBC32BACC11D00452744 /* SignUpView */,
				638D30D62BA8B2A500105C6E /* RootTabView */,
			);
			path = MainModule;
			sourceTree = "<group>";
		};
		639DBC152BD00BD7003D24FB /* GroupModule */ = {
			isa = PBXGroup;
			children = (
				639DBC162BD00C04003D24FB /* GroupRootView */,
			);
			path = GroupModule;
			sourceTree = "<group>";
		};
		639DBC162BD00C04003D24FB /* GroupRootView */ = {
			isa = PBXGroup;
			children = (
				639DBC172BD00C20003D24FB /* GroupRootView.swift */,
			);
			path = GroupRootView;
			sourceTree = "<group>";
		};
		639DBC1B2BD00EB2003D24FB /* TimelineModule */ = {
			isa = PBXGroup;
			children = (
				639DBC1C2BD00ED2003D24FB /* TimelineRootView */,
				2E4654892BD2546C00BF2944 /* TimelineView */,
			);
			path = TimelineModule;
			sourceTree = "<group>";
		};
		639DBC1C2BD00ED2003D24FB /* TimelineRootView */ = {
			isa = PBXGroup;
			children = (
				639DBC1D2BD00EE5003D24FB /* TimelineRootView.swift */,
			);
			path = TimelineRootView;
			sourceTree = "<group>";
		};
		639DBC212BD01081003D24FB /* SettingModule */ = {
			isa = PBXGroup;
			children = (
				639DBC222BD0108E003D24FB /* SettingRootView */,
				639DBC272BD01463003D24FB /* SettingListView */,
				638DBF222BDD6AF7003A1795 /* SettingAccountEditView */,
			);
			path = SettingModule;
			sourceTree = "<group>";
		};
		639DBC222BD0108E003D24FB /* SettingRootView */ = {
			isa = PBXGroup;
			children = (
				639DBC232BD010A3003D24FB /* SettingRootView.swift */,
			);
			path = SettingRootView;
			sourceTree = "<group>";
		};
		639DBC272BD01463003D24FB /* SettingListView */ = {
			isa = PBXGroup;
			children = (
				639DBC282BD01492003D24FB /* SettingListView.swift */,
				639DBC2A2BD014B6003D24FB /* SettingListViewModel.swift */,
			);
			path = SettingListView;
			sourceTree = "<group>";
		};
		639DBC2C2BD02B65003D24FB /* WorkspaceActivityCard */ = {
			isa = PBXGroup;
			children = (
				639DBC2D2BD02B79003D24FB /* WorkspaceActivityCard.swift */,
			);
			path = WorkspaceActivityCard;
			sourceTree = "<group>";
		};
		639DBC322BD03287003D24FB /* BaseLayout */ = {
			isa = PBXGroup;
			children = (
				639DBC332BD03296003D24FB /* BaseLayout.swift */,
			);
			path = BaseLayout;
			sourceTree = "<group>";
		};
		639DBC352BD04473003D24FB /* Frameworks */ = {
			isa = PBXGroup;
			children = (
			);
			name = Frameworks;
			sourceTree = "<group>";
		};
		63BD38122BBDE7FA00D62EAE /* Router */ = {
			isa = PBXGroup;
			children = (
				639DBBF12BCFC7EB003D24FB /* RouterProtocol.swift */,
				639DBBF32BCFC7FD003D24FB /* BaseRouter.swift */,
				63C9DF4F2BBF2D100075ABDA /* RouterPreferenceKeys.swift */,
				63C9DF512BBF32820075ABDA /* RouteFactory.swift */,
				639DBBF52BCFC807003D24FB /* Routers */,
				63C9DF532BBF35210075ABDA /* Components */,
			);
			path = Router;
			sourceTree = "<group>";
		};
		63C467B32BA99D580081E7EA /* Components */ = {
			isa = PBXGroup;
			children = (
				6399C5642BE51D6700EB068D /* VerticalSpacer */,
				6399C55D2BE4D3A000EB068D /* ChatMessage */,
				6392F9822BE409B8009F70B2 /* EmptyListMessage */,
				638DBF062BDB8164003A1795 /* ThemeColorPicker */,
				638DBEF12BDAD068003A1795 /* BaseButton */,
				638D93A02BD40B4F006B0B3A /* FormField */,
				2E46547A2BD171D000BF2944 /* DateSwiper */,
				63C467B42BA99D660081E7EA /* TextInput */,
				638F23EB2BACD9F700704CE0 /* ProtectedInput */,
				2E32807B2BC83A4A00670DF8 /* OperationButton */,
				638F24032BAD79FA00704CE0 /* BackArrow */,
				63EF08482BAE289300488B1C /* ViewTitle */,
				63C9DF7D2BC414920075ABDA /* ErrorMessage */,
				639DBC0E2BCFEB3C003D24FB /* BaseNavigationBar */,
				639DBC2C2BD02B65003D24FB /* WorkspaceActivityCard */,
				638DBF122BDBA6F0003A1795 /* WorkspaceDetailCard */,
				2E3280782BC834C900670DF8 /* WorkspaceListRow */,
				6392F9782BE403F4009F70B2 /* WorkspaceGroupListRow */,
				638DBF1F2BDC00CD003A1795 /* SettingAccountCard */,
				638DBF1C2BDBFDEF003A1795 /* SettingListRow */,
				638DBF292BDE59C8003A1795 /* LoadingDots */,
				639DBC322BD03287003D24FB /* BaseLayout */,
				6392F9932BE42493009F70B2 /* ChatLayout */,
			);
			path = Components;
			sourceTree = "<group>";
		};
		63C467B42BA99D660081E7EA /* TextInput */ = {
			isa = PBXGroup;
			children = (
				63C467B52BA99D840081E7EA /* TextInput.swift */,
			);
			path = TextInput;
			sourceTree = "<group>";
		};
		63C467B72BA9A22C0081E7EA /* Fonts */ = {
			isa = PBXGroup;
			children = (
				63C467B82BAA05760081E7EA /* Inter-Medium.ttf */,
				638F24092BAD82CC00704CE0 /* Inter-Bold.ttf */,
				63C467B92BAA05770081E7EA /* Inter-Regular.ttf */,
				63C467BA2BAA05770081E7EA /* Inter-SemiBold.ttf */,
				63EF08462BADFF3C00488B1C /* FontExtension.swift */,
			);
			path = Fonts;
			sourceTree = "<group>";
		};
		63C9DF532BBF35210075ABDA /* Components */ = {
			isa = PBXGroup;
			children = (
				63C9DF4B2BBF20050075ABDA /* RouterContainerView.swift */,
				63BD38192BBDE8FE00D62EAE /* RouterView.swift */,
			);
			path = Components;
			sourceTree = "<group>";
		};
		63C9DF6D2BC3EBF80075ABDA /* Validation */ = {
			isa = PBXGroup;
			children = (
				638D939E2BD237F5006B0B3A /* ValidatedWrapper.swift */,
				63C9DF742BC3F1F60075ABDA /* Rules */,
			);
			path = Validation;
			sourceTree = "<group>";
		};
		63C9DF742BC3F1F60075ABDA /* Rules */ = {
			isa = PBXGroup;
			children = (
				63C9DF752BC3F2070075ABDA /* NonEmpty.swift */,
			);
			path = Rules;
			sourceTree = "<group>";
		};
		63C9DF7D2BC414920075ABDA /* ErrorMessage */ = {
			isa = PBXGroup;
			children = (
				63C9DF7E2BC414A10075ABDA /* ErrorMessage.swift */,
			);
			path = ErrorMessage;
			sourceTree = "<group>";
		};
		63ECEB882BA42AA500166BCD /* Views */ = {
			isa = PBXGroup;
			children = (
				6392F97B2BE40613009F70B2 /* CommonModule */,
				639DBC142BD00218003D24FB /* MainModule */,
				639DBC132BD0020A003D24FB /* WorkspaceModule */,
				639DBC152BD00BD7003D24FB /* GroupModule */,
				639DBC1B2BD00EB2003D24FB /* TimelineModule */,
				639DBC212BD01081003D24FB /* SettingModule */,
			);
			path = Views;
			sourceTree = "<group>";
		};
		63ECEB952BA432DC00166BCD /* Models */ = {
			isa = PBXGroup;
			children = (
				63C9DF582BBFCD940075ABDA /* Account.swift */,
				63C9DF6B2BC2B68D0075ABDA /* Workspace.swift */,
				2E46548C2BD2A61A00BF2944 /* Group.swift */,
				6392F9912BE4227B009F70B2 /* Message.swift */,
				6392F9982BE4374E009F70B2 /* ChatItem.swift */,
				6399C5622BE50CE700EB068D /* ChatItemGroup.swift */,
			);
			path = Models;
			sourceTree = "<group>";
		};
		63ECEB9E2BA46B9D00166BCD /* Services */ = {
			isa = PBXGroup;
			children = (
				638F23E92BACD92100704CE0 /* AuthService.swift */,
				639DBC382BD044A6003D24FB /* StorageService.swift */,
				63C9DF642BC0571E0075ABDA /* AccountService.swift */,
				63C9DF692BC27E860075ABDA /* WorkspaceService.swift */,
				2E4654902BD2A74000BF2944 /* GroupService.swift */,
				6392F9962BE42E58009F70B2 /* MessageService.swift */,
			);
			path = Services;
			sourceTree = "<group>";
		};
		63ECEBA12BA46CD600166BCD /* Repositories */ = {
			isa = PBXGroup;
			children = (
				63C9DF622BC0563A0075ABDA /* FirestoreRepository.swift */,
			);
			path = Repositories;
			sourceTree = "<group>";
		};
		63ECEBB32BA5C40300166BCD /* RootView */ = {
			isa = PBXGroup;
			children = (
				63ECEBB62BA5C47700166BCD /* RootView.swift */,
				638D30DA2BA8B84F00105C6E /* RootViewModel.swift */,
			);
			path = RootView;
			sourceTree = "<group>";
		};
		63ECEBCD2BA6E68800166BCD /* Enums */ = {
			isa = PBXGroup;
			children = (
				63ECEBCE2BA6E69400166BCD /* ViewState.swift */,
				639DBC3A2BD04857003D24FB /* StorageFolder.swift */,
			);
			path = Enums;
			sourceTree = "<group>";
		};
		63ECEBD02BA6F13C00166BCD /* Utilities */ = {
			isa = PBXGroup;
			children = (
				638DBEF62BDAD5E5003A1795 /* Extensions */,
				63C9DF6D2BC3EBF80075ABDA /* Validation */,
				63C467B72BA9A22C0081E7EA /* Fonts */,
				638D30D82BA8B3BB00105C6E /* Protocols */,
				63ECEBCD2BA6E68800166BCD /* Enums */,
				638DBF0B2BDB8DCC003A1795 /* HexColorsUtil.swift */,
				638DBF272BDE39A2003A1795 /* ImageUtil.swift */,
				638DBF2C2BDE5C4E003A1795 /* ThemeColorUtil.swift */,
				6399C5602BE4DCA900EB068D /* ChatUtil.swift */,
			);
			path = Utilities;
			sourceTree = "<group>";
		};
		63EF08482BAE289300488B1C /* ViewTitle */ = {
			isa = PBXGroup;
			children = (
				63EF08492BAE28AE00488B1C /* ViewTitle.swift */,
			);
			path = ViewTitle;
			sourceTree = "<group>";
		};
/* End PBXGroup section */

/* Begin PBXNativeTarget section */
		635667972BA2D5FC00A0AD36 /* workspace-hub */ = {
			isa = PBXNativeTarget;
			buildConfigurationList = 635667C12BA2D5FD00A0AD36 /* Build configuration list for PBXNativeTarget "workspace-hub" */;
			buildPhases = (
				635667942BA2D5FC00A0AD36 /* Sources */,
				635667952BA2D5FC00A0AD36 /* Frameworks */,
				635667962BA2D5FC00A0AD36 /* Resources */,
			);
			buildRules = (
			);
			dependencies = (
			);
			name = "workspace-hub";
			packageProductDependencies = (
				63ECEB8C2BA42E0100166BCD /* FirebaseAuth */,
				63ECEB8E2BA42E0100166BCD /* FirebaseFirestore */,
				63ECEB902BA42E0100166BCD /* FirebaseFirestoreSwift */,
				639DBC362BD04473003D24FB /* FirebaseStorage */,
				638DBF042BDB7F4D003A1795 /* SFSymbolsPicker */,
			);
			productName = "workspace-hub";
			productReference = 635667982BA2D5FC00A0AD36 /* workspace-hub.app */;
			productType = "com.apple.product-type.application";
		};
		635667AC2BA2D5FD00A0AD36 /* workspace-hubTests */ = {
			isa = PBXNativeTarget;
			buildConfigurationList = 635667C42BA2D5FD00A0AD36 /* Build configuration list for PBXNativeTarget "workspace-hubTests" */;
			buildPhases = (
				635667A92BA2D5FD00A0AD36 /* Sources */,
				635667AA2BA2D5FD00A0AD36 /* Frameworks */,
				635667AB2BA2D5FD00A0AD36 /* Resources */,
			);
			buildRules = (
			);
			dependencies = (
				635667AF2BA2D5FD00A0AD36 /* PBXTargetDependency */,
			);
			name = "workspace-hubTests";
			productName = "workspace-hubTests";
			productReference = 635667AD2BA2D5FD00A0AD36 /* workspace-hubTests.xctest */;
			productType = "com.apple.product-type.bundle.unit-test";
		};
		635667B62BA2D5FD00A0AD36 /* workspace-hubUITests */ = {
			isa = PBXNativeTarget;
			buildConfigurationList = 635667C72BA2D5FD00A0AD36 /* Build configuration list for PBXNativeTarget "workspace-hubUITests" */;
			buildPhases = (
				635667B32BA2D5FD00A0AD36 /* Sources */,
				635667B42BA2D5FD00A0AD36 /* Frameworks */,
				635667B52BA2D5FD00A0AD36 /* Resources */,
			);
			buildRules = (
			);
			dependencies = (
				635667B92BA2D5FD00A0AD36 /* PBXTargetDependency */,
			);
			name = "workspace-hubUITests";
			productName = "workspace-hubUITests";
			productReference = 635667B72BA2D5FD00A0AD36 /* workspace-hubUITests.xctest */;
			productType = "com.apple.product-type.bundle.ui-testing";
		};
/* End PBXNativeTarget section */

/* Begin PBXProject section */
		635667902BA2D5FC00A0AD36 /* Project object */ = {
			isa = PBXProject;
			attributes = {
				BuildIndependentTargetsInParallel = 1;
				LastSwiftUpdateCheck = 1530;
				LastUpgradeCheck = 1530;
				TargetAttributes = {
					635667972BA2D5FC00A0AD36 = {
						CreatedOnToolsVersion = 15.3;
					};
					635667AC2BA2D5FD00A0AD36 = {
						CreatedOnToolsVersion = 15.3;
						TestTargetID = 635667972BA2D5FC00A0AD36;
					};
					635667B62BA2D5FD00A0AD36 = {
						CreatedOnToolsVersion = 15.3;
						TestTargetID = 635667972BA2D5FC00A0AD36;
					};
				};
			};
			buildConfigurationList = 635667932BA2D5FC00A0AD36 /* Build configuration list for PBXProject "workspace-hub" */;
			compatibilityVersion = "Xcode 14.0";
			developmentRegion = en;
			hasScannedForEncodings = 0;
			knownRegions = (
				en,
				Base,
			);
			mainGroup = 6356678F2BA2D5FC00A0AD36;
			packageReferences = (
				63ECEB8B2BA42E0100166BCD /* XCRemoteSwiftPackageReference "firebase-ios-sdk" */,
				638DBEF92BDAEC48003A1795 /* XCRemoteSwiftPackageReference "SymbolPicker" */,
				638DBF032BDB7F4D003A1795 /* XCRemoteSwiftPackageReference "SFSymbolsPicker" */,
			);
			productRefGroup = 635667992BA2D5FC00A0AD36 /* Products */;
			projectDirPath = "";
			projectRoot = "";
			targets = (
				635667972BA2D5FC00A0AD36 /* workspace-hub */,
				635667AC2BA2D5FD00A0AD36 /* workspace-hubTests */,
				635667B62BA2D5FD00A0AD36 /* workspace-hubUITests */,
			);
		};
/* End PBXProject section */

/* Begin PBXResourcesBuildPhase section */
		635667962BA2D5FC00A0AD36 /* Resources */ = {
			isa = PBXResourcesBuildPhase;
			buildActionMask = 2147483647;
			files = (
				63C467BD2BAA05770081E7EA /* Inter-SemiBold.ttf in Resources */,
				63C467BB2BAA05770081E7EA /* Inter-Medium.ttf in Resources */,
				63C467BC2BAA05770081E7EA /* Inter-Regular.ttf in Resources */,
				638F240A2BAD82CC00704CE0 /* Inter-Bold.ttf in Resources */,
				635667A32BA2D5FD00A0AD36 /* Preview Assets.xcassets in Resources */,
				635667A02BA2D5FD00A0AD36 /* Assets.xcassets in Resources */,
				63ECEB8A2BA42BD200166BCD /* GoogleService-Info.plist in Resources */,
			);
			runOnlyForDeploymentPostprocessing = 0;
		};
		635667AB2BA2D5FD00A0AD36 /* Resources */ = {
			isa = PBXResourcesBuildPhase;
			buildActionMask = 2147483647;
			files = (
			);
			runOnlyForDeploymentPostprocessing = 0;
		};
		635667B52BA2D5FD00A0AD36 /* Resources */ = {
			isa = PBXResourcesBuildPhase;
			buildActionMask = 2147483647;
			files = (
			);
			runOnlyForDeploymentPostprocessing = 0;
		};
/* End PBXResourcesBuildPhase section */

/* Begin PBXSourcesBuildPhase section */
		635667942BA2D5FC00A0AD36 /* Sources */ = {
			isa = PBXSourcesBuildPhase;
			buildActionMask = 2147483647;
			files = (
				2E32807A2BC834F000670DF8 /* WorkspaceListRow.swift in Sources */,
				639DBC392BD044A6003D24FB /* StorageService.swift in Sources */,
				638D93AD2BD50DC5006B0B3A /* WorkspaceGroupAdditionView.swift in Sources */,
				63C9DF632BC0563A0075ABDA /* FirestoreRepository.swift in Sources */,
				638DBF262BDD6B3B003A1795 /* SettingAccountEditViewModel.swift in Sources */,
				639DBC1A2BD00D66003D24FB /* GroupCoordinator.swift in Sources */,
				638D93A52BD4160B006B0B3A /* WorkspaceAdditionView.swift in Sources */,
				6399C55F2BE4D3B700EB068D /* ChatMessage.swift in Sources */,
				6392F9922BE4227B009F70B2 /* Message.swift in Sources */,
				639DBC3B2BD04857003D24FB /* StorageFolder.swift in Sources */,
				638D93A22BD40B5F006B0B3A /* FormField.swift in Sources */,
				63C9DF762BC3F2070075ABDA /* NonEmpty.swift in Sources */,
				63C9DF4A2BBF1F690075ABDA /* BaseNavigationBar.swift in Sources */,
				638F23ED2BACDA1100704CE0 /* ProtectedInput.swift in Sources */,
				63C9DF6A2BC27E860075ABDA /* WorkspaceService.swift in Sources */,
				639DBBF22BCFC7EB003D24FB /* RouterProtocol.swift in Sources */,
				63ECEB992BA4376A00166BCD /* RootTabView.swift in Sources */,
				639DBBF42BCFC7FD003D24FB /* BaseRouter.swift in Sources */,
				2E0AEBC72BACC13F00452744 /* SignUpViewModel.swift in Sources */,
				63C9DF612BC056170075ABDA /* RepositoryProtocol.swift in Sources */,
				639DBC182BD00C20003D24FB /* GroupRootView.swift in Sources */,
				6392F9812BE4069A009F70B2 /* GroupDetailView.swift in Sources */,
				63EF084A2BAE28AE00488B1C /* ViewTitle.swift in Sources */,
				2E4654862BD1B9E200BF2944 /* WorkspaceListViewModel.swift in Sources */,
				638F23EA2BACD92100704CE0 /* AuthService.swift in Sources */,
				6399C5612BE4DCA900EB068D /* ChatUtil.swift in Sources */,
				638DBF242BDD6B17003A1795 /* SettingAccountEditView.swift in Sources */,
				638DBF2D2BDE5C4E003A1795 /* ThemeColorUtil.swift in Sources */,
				638DBF1E2BDBFE06003A1795 /* SettingListRow.swift in Sources */,
				6392F97A2BE4040F009F70B2 /* WorkspaceGroupListRow.swift in Sources */,
				6392F9842BE409C9009F70B2 /* EmptyListMessage.swift in Sources */,
				638DBF0C2BDB8DCC003A1795 /* HexColorsUtil.swift in Sources */,
				638DBF082BDB8191003A1795 /* ThemeColorPicker.swift in Sources */,
				63C9DF592BBFCD940075ABDA /* Account.swift in Sources */,
				2E0AEBC02BACAB9F00452744 /* SingInViewModel.swift in Sources */,
				639DBC0D2BCFE71A003D24FB /* WorkspaceCoordinator.swift in Sources */,
				2E0AEBC52BACC13000452744 /* SignUpView.swift in Sources */,
				639DBBF72BCFC81C003D24FB /* MainRouter.swift in Sources */,
				6392F9862BE40DCB009F70B2 /* GroupDetailViewModel.swift in Sources */,
				6392F9972BE42E58009F70B2 /* MessageService.swift in Sources */,
				639DBC202BD00EF4003D24FB /* TimelineCoordinator.swift in Sources */,
				63C9DF7F2BC414A10075ABDA /* ErrorMessage.swift in Sources */,
				638F24052BAD7A0D00704CE0 /* BackArrow.swift in Sources */,
				639DBC082BCFE5C4003D24FB /* TabCoordinatorProtocol.swift in Sources */,
				2E46547C2BD171E200BF2944 /* DateSwiper.swift in Sources */,
				639DBC122BCFEC97003D24FB /* TabCoordinatorView.swift in Sources */,
				63ECEBCC2BA6E67E00166BCD /* ViewModelProtocol.swift in Sources */,
				638DBF2B2BDE59D7003A1795 /* LoadingDots.swift in Sources */,
				2E46547F2BD1735E00BF2944 /* DateItem.swift in Sources */,
				63C467B62BA99D840081E7EA /* TextInput.swift in Sources */,
				639DBC242BD010A3003D24FB /* SettingRootView.swift in Sources */,
				2E46548D2BD2A61A00BF2944 /* Group.swift in Sources */,
				638DBF212BDC00F1003A1795 /* SettingAccountCard.swift in Sources */,
				638DBEF32BDAD080003A1795 /* BaseButton.swift in Sources */,
				2E4654912BD2A74000BF2944 /* GroupService.swift in Sources */,
				63C9DF4C2BBF20050075ABDA /* RouterContainerView.swift in Sources */,
				6392F9952BE424C2009F70B2 /* ChatLayout.swift in Sources */,
				6399C5662BE51D7600EB068D /* VerticalSpacer.swift in Sources */,
				2E0AEBC22BACABAA00452744 /* SignInView.swift in Sources */,
				63BD381A2BBDE8FE00D62EAE /* RouterView.swift in Sources */,
				6392F9892BE41AE6009F70B2 /* GroupSettingListView.swift in Sources */,
				639DBC1E2BD00EE5003D24FB /* TimelineRootView.swift in Sources */,
				639DBC342BD03296003D24FB /* BaseLayout.swift in Sources */,
				639DBC2E2BD02B79003D24FB /* WorkspaceActivityCard.swift in Sources */,
				638D93A72BD41AFE006B0B3A /* WorkspaceAdditionViewModel.swift in Sources */,
				638DBF0A2BDB895E003A1795 /* UIColorExtensions.swift in Sources */,
				639DBC0B2BCFE66F003D24FB /* TabSectionFactory.swift in Sources */,
				639DBC262BD010B1003D24FB /* SettingCoordinator.swift in Sources */,
				2E32807D2BC83A5700670DF8 /* OperationButton.swift in Sources */,
				638DBF112BDBA510003A1795 /* WorkspaceDetailViewModel.swift in Sources */,
				63ECEBB72BA5C47700166BCD /* RootView.swift in Sources */,
				63EF08472BADFF3C00488B1C /* FontExtension.swift in Sources */,
				638D30E02BA8B8DC00105C6E /* SplashView.swift in Sources */,
				63ECEBCF2BA6E69400166BCD /* ViewState.swift in Sources */,
				6392F98E2BE41F49009F70B2 /* GroupParticipantListView.swift in Sources */,
				6392F9902BE41F5F009F70B2 /* GroupParticipantListViewModel.swift in Sources */,
				6356679C2BA2D5FC00A0AD36 /* workspace_hubApp.swift in Sources */,
				2E46548B2BD2548400BF2944 /* TimelineView.swift in Sources */,
				6399C5632BE50CE700EB068D /* ChatItemGroup.swift in Sources */,
				638D30DB2BA8B84F00105C6E /* RootViewModel.swift in Sources */,
				638DBF162BDBA716003A1795 /* WorkspaceDetailCard.swift in Sources */,
				638DBF0F2BDBA013003A1795 /* WorkspaceDetailView.swift in Sources */,
				638DBF1B2BDBD487003A1795 /* WorkspaceEditViewModel.swift in Sources */,
				638DBEF82BDAD5F7003A1795 /* ViewExtensions.swift in Sources */,
				638D939F2BD237F5006B0B3A /* ValidatedWrapper.swift in Sources */,
				63C9DF522BBF32820075ABDA /* RouteFactory.swift in Sources */,
				63C9DF502BBF2D100075ABDA /* RouterPreferenceKeys.swift in Sources */,
				639DBC032BCFE4ED003D24FB /* WorkspaceRootView.swift in Sources */,
				639DBC052BCFE538003D24FB /* BaseTabCoordinator.swift in Sources */,
				63C9DF652BC0571E0075ABDA /* AccountService.swift in Sources */,
				638DBF192BDBD47B003A1795 /* WorkspaceEditView.swift in Sources */,
				639DBC2B2BD014B6003D24FB /* SettingListViewModel.swift in Sources */,
				638D93AF2BD50DD3006B0B3A /* WorkspaceGroupAdditionViewModel.swift in Sources */,
				63C9DF6C2BC2B68D0075ABDA /* Workspace.swift in Sources */,
				638DBF282BDE39A2003A1795 /* ImageUtil.swift in Sources */,
				639DBC102BCFEBC6003D24FB /* TabCoordinatorContainerView.swift in Sources */,
				639DBC292BD01492003D24FB /* SettingListView.swift in Sources */,
				6392F9992BE4374E009F70B2 /* ChatItem.swift in Sources */,
				635667A82BA2D5FD00A0AD36 /* workspace_hub.xcdatamodeld in Sources */,
				639DBBFC2BCFD246003D24FB /* WorkspaceListView.swift in Sources */,
			);
			runOnlyForDeploymentPostprocessing = 0;
		};
		635667A92BA2D5FD00A0AD36 /* Sources */ = {
			isa = PBXSourcesBuildPhase;
			buildActionMask = 2147483647;
			files = (
				635667B22BA2D5FD00A0AD36 /* workspace_hubTests.swift in Sources */,
			);
			runOnlyForDeploymentPostprocessing = 0;
		};
		635667B32BA2D5FD00A0AD36 /* Sources */ = {
			isa = PBXSourcesBuildPhase;
			buildActionMask = 2147483647;
			files = (
				635667BE2BA2D5FD00A0AD36 /* workspace_hubUITestsLaunchTests.swift in Sources */,
				635667BC2BA2D5FD00A0AD36 /* workspace_hubUITests.swift in Sources */,
			);
			runOnlyForDeploymentPostprocessing = 0;
		};
/* End PBXSourcesBuildPhase section */

/* Begin PBXTargetDependency section */
		635667AF2BA2D5FD00A0AD36 /* PBXTargetDependency */ = {
			isa = PBXTargetDependency;
			target = 635667972BA2D5FC00A0AD36 /* workspace-hub */;
			targetProxy = 635667AE2BA2D5FD00A0AD36 /* PBXContainerItemProxy */;
		};
		635667B92BA2D5FD00A0AD36 /* PBXTargetDependency */ = {
			isa = PBXTargetDependency;
			target = 635667972BA2D5FC00A0AD36 /* workspace-hub */;
			targetProxy = 635667B82BA2D5FD00A0AD36 /* PBXContainerItemProxy */;
		};
/* End PBXTargetDependency section */

/* Begin XCBuildConfiguration section */
		635667BF2BA2D5FD00A0AD36 /* Debug */ = {
			isa = XCBuildConfiguration;
			buildSettings = {
				ALWAYS_SEARCH_USER_PATHS = NO;
				ASSETCATALOG_COMPILER_GENERATE_SWIFT_ASSET_SYMBOL_EXTENSIONS = YES;
				CLANG_ANALYZER_NONNULL = YES;
				CLANG_ANALYZER_NUMBER_OBJECT_CONVERSION = YES_AGGRESSIVE;
				CLANG_CXX_LANGUAGE_STANDARD = "gnu++20";
				CLANG_ENABLE_MODULES = YES;
				CLANG_ENABLE_OBJC_ARC = YES;
				CLANG_ENABLE_OBJC_WEAK = YES;
				CLANG_WARN_BLOCK_CAPTURE_AUTORELEASING = YES;
				CLANG_WARN_BOOL_CONVERSION = YES;
				CLANG_WARN_COMMA = YES;
				CLANG_WARN_CONSTANT_CONVERSION = YES;
				CLANG_WARN_DEPRECATED_OBJC_IMPLEMENTATIONS = YES;
				CLANG_WARN_DIRECT_OBJC_ISA_USAGE = YES_ERROR;
				CLANG_WARN_DOCUMENTATION_COMMENTS = YES;
				CLANG_WARN_EMPTY_BODY = YES;
				CLANG_WARN_ENUM_CONVERSION = YES;
				CLANG_WARN_INFINITE_RECURSION = YES;
				CLANG_WARN_INT_CONVERSION = YES;
				CLANG_WARN_NON_LITERAL_NULL_CONVERSION = YES;
				CLANG_WARN_OBJC_IMPLICIT_RETAIN_SELF = YES;
				CLANG_WARN_OBJC_LITERAL_CONVERSION = YES;
				CLANG_WARN_OBJC_ROOT_CLASS = YES_ERROR;
				CLANG_WARN_QUOTED_INCLUDE_IN_FRAMEWORK_HEADER = YES;
				CLANG_WARN_RANGE_LOOP_ANALYSIS = YES;
				CLANG_WARN_STRICT_PROTOTYPES = YES;
				CLANG_WARN_SUSPICIOUS_MOVE = YES;
				CLANG_WARN_UNGUARDED_AVAILABILITY = YES_AGGRESSIVE;
				CLANG_WARN_UNREACHABLE_CODE = YES;
				CLANG_WARN__DUPLICATE_METHOD_MATCH = YES;
				COPY_PHASE_STRIP = NO;
				DEBUG_INFORMATION_FORMAT = dwarf;
				ENABLE_STRICT_OBJC_MSGSEND = YES;
				ENABLE_TESTABILITY = YES;
				ENABLE_USER_SCRIPT_SANDBOXING = YES;
				GCC_C_LANGUAGE_STANDARD = gnu17;
				GCC_DYNAMIC_NO_PIC = NO;
				GCC_NO_COMMON_BLOCKS = YES;
				GCC_OPTIMIZATION_LEVEL = 0;
				GCC_PREPROCESSOR_DEFINITIONS = (
					"DEBUG=1",
					"$(inherited)",
				);
				GCC_WARN_64_TO_32_BIT_CONVERSION = YES;
				GCC_WARN_ABOUT_RETURN_TYPE = YES_ERROR;
				GCC_WARN_UNDECLARED_SELECTOR = YES;
				GCC_WARN_UNINITIALIZED_AUTOS = YES_AGGRESSIVE;
				GCC_WARN_UNUSED_FUNCTION = YES;
				GCC_WARN_UNUSED_VARIABLE = YES;
				IPHONEOS_DEPLOYMENT_TARGET = 17.4;
				LOCALIZATION_PREFERS_STRING_CATALOGS = YES;
				MTL_ENABLE_DEBUG_INFO = INCLUDE_SOURCE;
				MTL_FAST_MATH = YES;
				ONLY_ACTIVE_ARCH = YES;
				SDKROOT = iphoneos;
				SWIFT_ACTIVE_COMPILATION_CONDITIONS = "DEBUG $(inherited)";
				SWIFT_OPTIMIZATION_LEVEL = "-Onone";
			};
			name = Debug;
		};
		635667C02BA2D5FD00A0AD36 /* Release */ = {
			isa = XCBuildConfiguration;
			buildSettings = {
				ALWAYS_SEARCH_USER_PATHS = NO;
				ASSETCATALOG_COMPILER_GENERATE_SWIFT_ASSET_SYMBOL_EXTENSIONS = YES;
				CLANG_ANALYZER_NONNULL = YES;
				CLANG_ANALYZER_NUMBER_OBJECT_CONVERSION = YES_AGGRESSIVE;
				CLANG_CXX_LANGUAGE_STANDARD = "gnu++20";
				CLANG_ENABLE_MODULES = YES;
				CLANG_ENABLE_OBJC_ARC = YES;
				CLANG_ENABLE_OBJC_WEAK = YES;
				CLANG_WARN_BLOCK_CAPTURE_AUTORELEASING = YES;
				CLANG_WARN_BOOL_CONVERSION = YES;
				CLANG_WARN_COMMA = YES;
				CLANG_WARN_CONSTANT_CONVERSION = YES;
				CLANG_WARN_DEPRECATED_OBJC_IMPLEMENTATIONS = YES;
				CLANG_WARN_DIRECT_OBJC_ISA_USAGE = YES_ERROR;
				CLANG_WARN_DOCUMENTATION_COMMENTS = YES;
				CLANG_WARN_EMPTY_BODY = YES;
				CLANG_WARN_ENUM_CONVERSION = YES;
				CLANG_WARN_INFINITE_RECURSION = YES;
				CLANG_WARN_INT_CONVERSION = YES;
				CLANG_WARN_NON_LITERAL_NULL_CONVERSION = YES;
				CLANG_WARN_OBJC_IMPLICIT_RETAIN_SELF = YES;
				CLANG_WARN_OBJC_LITERAL_CONVERSION = YES;
				CLANG_WARN_OBJC_ROOT_CLASS = YES_ERROR;
				CLANG_WARN_QUOTED_INCLUDE_IN_FRAMEWORK_HEADER = YES;
				CLANG_WARN_RANGE_LOOP_ANALYSIS = YES;
				CLANG_WARN_STRICT_PROTOTYPES = YES;
				CLANG_WARN_SUSPICIOUS_MOVE = YES;
				CLANG_WARN_UNGUARDED_AVAILABILITY = YES_AGGRESSIVE;
				CLANG_WARN_UNREACHABLE_CODE = YES;
				CLANG_WARN__DUPLICATE_METHOD_MATCH = YES;
				COPY_PHASE_STRIP = NO;
				DEBUG_INFORMATION_FORMAT = "dwarf-with-dsym";
				ENABLE_NS_ASSERTIONS = NO;
				ENABLE_STRICT_OBJC_MSGSEND = YES;
				ENABLE_USER_SCRIPT_SANDBOXING = YES;
				GCC_C_LANGUAGE_STANDARD = gnu17;
				GCC_NO_COMMON_BLOCKS = YES;
				GCC_WARN_64_TO_32_BIT_CONVERSION = YES;
				GCC_WARN_ABOUT_RETURN_TYPE = YES_ERROR;
				GCC_WARN_UNDECLARED_SELECTOR = YES;
				GCC_WARN_UNINITIALIZED_AUTOS = YES_AGGRESSIVE;
				GCC_WARN_UNUSED_FUNCTION = YES;
				GCC_WARN_UNUSED_VARIABLE = YES;
				IPHONEOS_DEPLOYMENT_TARGET = 17.4;
				LOCALIZATION_PREFERS_STRING_CATALOGS = YES;
				MTL_ENABLE_DEBUG_INFO = NO;
				MTL_FAST_MATH = YES;
				SDKROOT = iphoneos;
				SWIFT_COMPILATION_MODE = wholemodule;
				VALIDATE_PRODUCT = YES;
			};
			name = Release;
		};
		635667C22BA2D5FD00A0AD36 /* Debug */ = {
			isa = XCBuildConfiguration;
			buildSettings = {
				ASSETCATALOG_COMPILER_APPICON_NAME = AppIcon;
				ASSETCATALOG_COMPILER_GLOBAL_ACCENT_COLOR_NAME = AccentColor;
				CODE_SIGN_STYLE = Automatic;
				CURRENT_PROJECT_VERSION = 1;
				DEVELOPMENT_ASSET_PATHS = "\"workspace-hub/Preview Content\"";
				DEVELOPMENT_TEAM = J876PKT47L;
				ENABLE_PREVIEWS = YES;
				GENERATE_INFOPLIST_FILE = YES;
				INFOPLIST_FILE = "workspace-hub/Info.plist";
				INFOPLIST_KEY_UIApplicationSceneManifest_Generation = YES;
				INFOPLIST_KEY_UIApplicationSupportsIndirectInputEvents = YES;
				INFOPLIST_KEY_UILaunchScreen_Generation = YES;
				INFOPLIST_KEY_UISupportedInterfaceOrientations_iPad = "UIInterfaceOrientationPortrait UIInterfaceOrientationPortraitUpsideDown UIInterfaceOrientationLandscapeLeft UIInterfaceOrientationLandscapeRight";
				INFOPLIST_KEY_UISupportedInterfaceOrientations_iPhone = "UIInterfaceOrientationPortrait UIInterfaceOrientationLandscapeLeft UIInterfaceOrientationLandscapeRight";
				IPHONEOS_DEPLOYMENT_TARGET = 17.1;
				LD_RUNPATH_SEARCH_PATHS = (
					"$(inherited)",
					"@executable_path/Frameworks",
				);
				MARKETING_VERSION = 1.0;
				PRODUCT_BUNDLE_IDENTIFIER = "MUNI.workspace-hub";
				PRODUCT_NAME = "$(TARGET_NAME)";
				SWIFT_EMIT_LOC_STRINGS = YES;
				SWIFT_VERSION = 5.0;
				TARGETED_DEVICE_FAMILY = "1,2";
			};
			name = Debug;
		};
		635667C32BA2D5FD00A0AD36 /* Release */ = {
			isa = XCBuildConfiguration;
			buildSettings = {
				ASSETCATALOG_COMPILER_APPICON_NAME = AppIcon;
				ASSETCATALOG_COMPILER_GLOBAL_ACCENT_COLOR_NAME = AccentColor;
				CODE_SIGN_STYLE = Automatic;
				CURRENT_PROJECT_VERSION = 1;
				DEVELOPMENT_ASSET_PATHS = "\"workspace-hub/Preview Content\"";
				DEVELOPMENT_TEAM = J876PKT47L;
				ENABLE_PREVIEWS = YES;
				GENERATE_INFOPLIST_FILE = YES;
				INFOPLIST_FILE = "workspace-hub/Info.plist";
				INFOPLIST_KEY_UIApplicationSceneManifest_Generation = YES;
				INFOPLIST_KEY_UIApplicationSupportsIndirectInputEvents = YES;
				INFOPLIST_KEY_UILaunchScreen_Generation = YES;
				INFOPLIST_KEY_UISupportedInterfaceOrientations_iPad = "UIInterfaceOrientationPortrait UIInterfaceOrientationPortraitUpsideDown UIInterfaceOrientationLandscapeLeft UIInterfaceOrientationLandscapeRight";
				INFOPLIST_KEY_UISupportedInterfaceOrientations_iPhone = "UIInterfaceOrientationPortrait UIInterfaceOrientationLandscapeLeft UIInterfaceOrientationLandscapeRight";
				IPHONEOS_DEPLOYMENT_TARGET = 17.1;
				LD_RUNPATH_SEARCH_PATHS = (
					"$(inherited)",
					"@executable_path/Frameworks",
				);
				MARKETING_VERSION = 1.0;
				PRODUCT_BUNDLE_IDENTIFIER = "MUNI.workspace-hub";
				PRODUCT_NAME = "$(TARGET_NAME)";
				SWIFT_EMIT_LOC_STRINGS = YES;
				SWIFT_VERSION = 5.0;
				TARGETED_DEVICE_FAMILY = "1,2";
			};
			name = Release;
		};
		635667C52BA2D5FD00A0AD36 /* Debug */ = {
			isa = XCBuildConfiguration;
			buildSettings = {
				ALWAYS_EMBED_SWIFT_STANDARD_LIBRARIES = YES;
				BUNDLE_LOADER = "$(TEST_HOST)";
				CODE_SIGN_STYLE = Automatic;
				CURRENT_PROJECT_VERSION = 1;
				DEVELOPMENT_TEAM = J876PKT47L;
				GENERATE_INFOPLIST_FILE = YES;
				IPHONEOS_DEPLOYMENT_TARGET = 17.4;
				MARKETING_VERSION = 1.0;
				PRODUCT_BUNDLE_IDENTIFIER = "MUNI.workspace-hubTests";
				PRODUCT_NAME = "$(TARGET_NAME)";
				SWIFT_EMIT_LOC_STRINGS = NO;
				SWIFT_VERSION = 5.0;
				TARGETED_DEVICE_FAMILY = "1,2";
				TEST_HOST = "$(BUILT_PRODUCTS_DIR)/workspace-hub.app/$(BUNDLE_EXECUTABLE_FOLDER_PATH)/workspace-hub";
			};
			name = Debug;
		};
		635667C62BA2D5FD00A0AD36 /* Release */ = {
			isa = XCBuildConfiguration;
			buildSettings = {
				ALWAYS_EMBED_SWIFT_STANDARD_LIBRARIES = YES;
				BUNDLE_LOADER = "$(TEST_HOST)";
				CODE_SIGN_STYLE = Automatic;
				CURRENT_PROJECT_VERSION = 1;
				DEVELOPMENT_TEAM = J876PKT47L;
				GENERATE_INFOPLIST_FILE = YES;
				IPHONEOS_DEPLOYMENT_TARGET = 17.4;
				MARKETING_VERSION = 1.0;
				PRODUCT_BUNDLE_IDENTIFIER = "MUNI.workspace-hubTests";
				PRODUCT_NAME = "$(TARGET_NAME)";
				SWIFT_EMIT_LOC_STRINGS = NO;
				SWIFT_VERSION = 5.0;
				TARGETED_DEVICE_FAMILY = "1,2";
				TEST_HOST = "$(BUILT_PRODUCTS_DIR)/workspace-hub.app/$(BUNDLE_EXECUTABLE_FOLDER_PATH)/workspace-hub";
			};
			name = Release;
		};
		635667C82BA2D5FD00A0AD36 /* Debug */ = {
			isa = XCBuildConfiguration;
			buildSettings = {
				ALWAYS_EMBED_SWIFT_STANDARD_LIBRARIES = YES;
				CODE_SIGN_STYLE = Automatic;
				CURRENT_PROJECT_VERSION = 1;
				DEVELOPMENT_TEAM = J876PKT47L;
				GENERATE_INFOPLIST_FILE = YES;
				MARKETING_VERSION = 1.0;
				PRODUCT_BUNDLE_IDENTIFIER = "MUNI.workspace-hubUITests";
				PRODUCT_NAME = "$(TARGET_NAME)";
				SWIFT_EMIT_LOC_STRINGS = NO;
				SWIFT_VERSION = 5.0;
				TARGETED_DEVICE_FAMILY = "1,2";
				TEST_TARGET_NAME = "workspace-hub";
			};
			name = Debug;
		};
		635667C92BA2D5FD00A0AD36 /* Release */ = {
			isa = XCBuildConfiguration;
			buildSettings = {
				ALWAYS_EMBED_SWIFT_STANDARD_LIBRARIES = YES;
				CODE_SIGN_STYLE = Automatic;
				CURRENT_PROJECT_VERSION = 1;
				DEVELOPMENT_TEAM = J876PKT47L;
				GENERATE_INFOPLIST_FILE = YES;
				MARKETING_VERSION = 1.0;
				PRODUCT_BUNDLE_IDENTIFIER = "MUNI.workspace-hubUITests";
				PRODUCT_NAME = "$(TARGET_NAME)";
				SWIFT_EMIT_LOC_STRINGS = NO;
				SWIFT_VERSION = 5.0;
				TARGETED_DEVICE_FAMILY = "1,2";
				TEST_TARGET_NAME = "workspace-hub";
			};
			name = Release;
		};
/* End XCBuildConfiguration section */

/* Begin XCConfigurationList section */
		635667932BA2D5FC00A0AD36 /* Build configuration list for PBXProject "workspace-hub" */ = {
			isa = XCConfigurationList;
			buildConfigurations = (
				635667BF2BA2D5FD00A0AD36 /* Debug */,
				635667C02BA2D5FD00A0AD36 /* Release */,
			);
			defaultConfigurationIsVisible = 0;
			defaultConfigurationName = Release;
		};
		635667C12BA2D5FD00A0AD36 /* Build configuration list for PBXNativeTarget "workspace-hub" */ = {
			isa = XCConfigurationList;
			buildConfigurations = (
				635667C22BA2D5FD00A0AD36 /* Debug */,
				635667C32BA2D5FD00A0AD36 /* Release */,
			);
			defaultConfigurationIsVisible = 0;
			defaultConfigurationName = Release;
		};
		635667C42BA2D5FD00A0AD36 /* Build configuration list for PBXNativeTarget "workspace-hubTests" */ = {
			isa = XCConfigurationList;
			buildConfigurations = (
				635667C52BA2D5FD00A0AD36 /* Debug */,
				635667C62BA2D5FD00A0AD36 /* Release */,
			);
			defaultConfigurationIsVisible = 0;
			defaultConfigurationName = Release;
		};
		635667C72BA2D5FD00A0AD36 /* Build configuration list for PBXNativeTarget "workspace-hubUITests" */ = {
			isa = XCConfigurationList;
			buildConfigurations = (
				635667C82BA2D5FD00A0AD36 /* Debug */,
				635667C92BA2D5FD00A0AD36 /* Release */,
			);
			defaultConfigurationIsVisible = 0;
			defaultConfigurationName = Release;
		};
/* End XCConfigurationList section */

/* Begin XCRemoteSwiftPackageReference section */
		638DBEF92BDAEC48003A1795 /* XCRemoteSwiftPackageReference "SymbolPicker" */ = {
			isa = XCRemoteSwiftPackageReference;
			repositoryURL = "https://github.com/xnth97/SymbolPicker.git";
			requirement = {
				kind = upToNextMajorVersion;
				minimumVersion = 1.5.2;
			};
		};
		638DBF032BDB7F4D003A1795 /* XCRemoteSwiftPackageReference "SFSymbolsPicker" */ = {
			isa = XCRemoteSwiftPackageReference;
			repositoryURL = "https://github.com/alessiorubicini/SFSymbolsPicker";
			requirement = {
				kind = upToNextMajorVersion;
				minimumVersion = 1.0.6;
			};
		};
		63ECEB8B2BA42E0100166BCD /* XCRemoteSwiftPackageReference "firebase-ios-sdk" */ = {
			isa = XCRemoteSwiftPackageReference;
			repositoryURL = "https://github.com/firebase/firebase-ios-sdk.git";
			requirement = {
				kind = upToNextMajorVersion;
				minimumVersion = 10.22.1;
			};
		};
/* End XCRemoteSwiftPackageReference section */

/* Begin XCSwiftPackageProductDependency section */
		638DBF042BDB7F4D003A1795 /* SFSymbolsPicker */ = {
			isa = XCSwiftPackageProductDependency;
			package = 638DBF032BDB7F4D003A1795 /* XCRemoteSwiftPackageReference "SFSymbolsPicker" */;
			productName = SFSymbolsPicker;
		};
		639DBC362BD04473003D24FB /* FirebaseStorage */ = {
			isa = XCSwiftPackageProductDependency;
			package = 63ECEB8B2BA42E0100166BCD /* XCRemoteSwiftPackageReference "firebase-ios-sdk" */;
			productName = FirebaseStorage;
		};
		63ECEB8C2BA42E0100166BCD /* FirebaseAuth */ = {
			isa = XCSwiftPackageProductDependency;
			package = 63ECEB8B2BA42E0100166BCD /* XCRemoteSwiftPackageReference "firebase-ios-sdk" */;
			productName = FirebaseAuth;
		};
		63ECEB8E2BA42E0100166BCD /* FirebaseFirestore */ = {
			isa = XCSwiftPackageProductDependency;
			package = 63ECEB8B2BA42E0100166BCD /* XCRemoteSwiftPackageReference "firebase-ios-sdk" */;
			productName = FirebaseFirestore;
		};
		63ECEB902BA42E0100166BCD /* FirebaseFirestoreSwift */ = {
			isa = XCSwiftPackageProductDependency;
			package = 63ECEB8B2BA42E0100166BCD /* XCRemoteSwiftPackageReference "firebase-ios-sdk" */;
			productName = FirebaseFirestoreSwift;
		};
/* End XCSwiftPackageProductDependency section */

/* Begin XCVersionGroup section */
		635667A62BA2D5FD00A0AD36 /* workspace_hub.xcdatamodeld */ = {
			isa = XCVersionGroup;
			children = (
				635667A72BA2D5FD00A0AD36 /* workspace_hub.xcdatamodel */,
			);
			currentVersion = 635667A72BA2D5FD00A0AD36 /* workspace_hub.xcdatamodel */;
			path = workspace_hub.xcdatamodeld;
			sourceTree = "<group>";
			versionGroupType = wrapper.xcdatamodel;
		};
/* End XCVersionGroup section */
	};
	rootObject = 635667902BA2D5FC00A0AD36 /* Project object */;
}
